// !$*UTF8*$!
{
	archiveVersion = 1;
	classes = {
	};
	objectVersion = 46;
	objects = {

/* Begin PBXAggregateTarget section */
		6A8A9A8D1BE641A9006BD10C /* _uf_all */ = {
			isa = PBXAggregateTarget;
			buildConfigurationList = 6A8A9A8E1BE641A9006BD10C /* Build configuration list for PBXAggregateTarget "_uf_all" */;
			buildPhases = (
			);
			dependencies = (
			);
			name = _uf_all;
			productName = _all;
		};
/* End PBXAggregateTarget section */

/* Begin PBXContainerItemProxy section */
		4D17EDF01C4260D10027E280 /* PBXContainerItemProxy */ = {
			isa = PBXContainerItemProxy;
			containerPortal = 4D17ED9B1C4260D00027E280 /* contour_0.xcodeproj */;
			proxyType = 2;
			remoteGlobalIDString = 8D1107320486CEB800E47090;
			remoteInfo = contour_0;
		};
		4D17EDF31C4260D10027E280 /* PBXContainerItemProxy */ = {
			isa = PBXContainerItemProxy;
			containerPortal = 4D17ED9E1C4260D00027E280 /* contour_1.xcodeproj */;
			proxyType = 2;
			remoteGlobalIDString = 8D1107320486CEB800E47090;
			remoteInfo = contour_1;
		};
		4D17EDF61C4260D10027E280 /* PBXContainerItemProxy */ = {
			isa = PBXContainerItemProxy;
			containerPortal = 4D17EDA11C4260D00027E280 /* csound_1.xcodeproj */;
			proxyType = 2;
			remoteGlobalIDString = 6A2BC2311B0809AB0043E8EC;
			remoteInfo = csound_1;
		};
		4D17EDF91C4260D10027E280 /* PBXContainerItemProxy */ = {
			isa = PBXContainerItemProxy;
			containerPortal = 4D17EDA41C4260D00027E280 /* csound_2.xcodeproj */;
			proxyType = 2;
			remoteGlobalIDString = 6A2BC22F1B0804910043E8EC;
			remoteInfo = csound_2;
		};
		4D17EDFC1C4260D10027E280 /* PBXContainerItemProxy */ = {
			isa = PBXContainerItemProxy;
			containerPortal = 4D17EDA71C4260D00027E280 /* csound_3_grain.xcodeproj */;
			proxyType = 2;
			remoteGlobalIDString = 6A2BC22F1B0804910043E8EC;
			remoteInfo = csound_3_grain;
		};
		4D17EE001C4260D10027E280 /* PBXContainerItemProxy */ = {
			isa = PBXContainerItemProxy;
			containerPortal = 4D17EDAA1C4260D00027E280 /* csound_4_sine.xcodeproj */;
			proxyType = 2;
			remoteGlobalIDString = 6A2BC22F1B0804910043E8EC;
			remoteInfo = csound_4_sine;
		};
		4D17EE021C4260D10027E280 /* PBXContainerItemProxy */ = {
			isa = PBXContainerItemProxy;
			containerPortal = 4D17EDAA1C4260D00027E280 /* csound_4_sine.xcodeproj */;
			proxyType = 2;
			remoteGlobalIDString = 6AF14C081BF6D0190068F9BD;
			remoteInfo = "csound_4_sine copy";
		};
		4D17EE051C4260D10027E280 /* PBXContainerItemProxy */ = {
			isa = PBXContainerItemProxy;
			containerPortal = 4D17EDAD1C4260D00027E280 /* csound_5_sub.xcodeproj */;
			proxyType = 2;
			remoteGlobalIDString = 6A2755731BE9281B003B7804;
			remoteInfo = csound_5_sub;
		};
		4D17EE081C4260D10027E280 /* PBXContainerItemProxy */ = {
			isa = PBXContainerItemProxy;
			containerPortal = 4D17EDB01C4260D00027E280 /* export2RF_1.xcodeproj */;
			proxyType = 2;
			remoteGlobalIDString = 8D1107320486CEB800E47090;
			remoteInfo = export2RF_1;
		};
		4D17EE0B1C4260D10027E280 /* PBXContainerItemProxy */ = {
			isa = PBXContainerItemProxy;
			containerPortal = 4D17EDB31C4260D00027E280 /* export2RF_2.xcodeproj */;
			proxyType = 2;
			remoteGlobalIDString = 8D1107320486CEB800E47090;
			remoteInfo = export2RF_2;
		};
		4D17EE0E1C4260D10027E280 /* PBXContainerItemProxy */ = {
			isa = PBXContainerItemProxy;
			containerPortal = 4D17EDB61C4260D00027E280 /* exporter_test.xcodeproj */;
			proxyType = 2;
			remoteGlobalIDString = 8D1107320486CEB800E47090;
			remoteInfo = exporter_test;
		};
		4D17EE111C4260D10027E280 /* PBXContainerItemProxy */ = {
			isa = PBXContainerItemProxy;
			containerPortal = 4D17EDB91C4260D00027E280 /* filament_01.xcodeproj */;
			proxyType = 2;
			remoteGlobalIDString = 8D1107320486CEB800E47090;
			remoteInfo = filament_01;
		};
		4D17EE141C4260D10027E280 /* PBXContainerItemProxy */ = {
			isa = PBXContainerItemProxy;
			containerPortal = 4D17EDBC1C4260D00027E280 /* filament_02.xcodeproj */;
			proxyType = 2;
			remoteGlobalIDString = 8D1107320486CEB800E47090;
			remoteInfo = filament_02;
		};
		4D17EE171C4260D10027E280 /* PBXContainerItemProxy */ = {
			isa = PBXContainerItemProxy;
			containerPortal = 4D17EDBF1C4260D10027E280 /* lineout_1.xcodeproj */;
			proxyType = 2;
			remoteGlobalIDString = 8D1107320486CEB800E47090;
			remoteInfo = lineout_1;
		};
		4D17EE1A1C4260D10027E280 /* PBXContainerItemProxy */ = {
			isa = PBXContainerItemProxy;
			containerPortal = 4D17EDC21C4260D10027E280 /* loadsim_1.xcodeproj */;
			proxyType = 2;
			remoteGlobalIDString = 8D1107320486CEB800E47090;
			remoteInfo = loadsim_1;
		};
		4D17EE1D1C4260D10027E280 /* PBXContainerItemProxy */ = {
			isa = PBXContainerItemProxy;
			containerPortal = 4D17EDC51C4260D10027E280 /* loadsim_2.xcodeproj */;
			proxyType = 2;
			remoteGlobalIDString = 8D1107320486CEB800E47090;
			remoteInfo = loadsim_2;
		};
		4D17EE201C4260D10027E280 /* PBXContainerItemProxy */ = {
			isa = PBXContainerItemProxy;
			containerPortal = 4D17EDC81C4260D10027E280 /* loadsim_3_dumses.xcodeproj */;
			proxyType = 2;
			remoteGlobalIDString = 8D1107320486CEB800E47090;
			remoteInfo = loadsim_3_dumses;
		};
		4D17EE231C4260D10027E280 /* PBXContainerItemProxy */ = {
			isa = PBXContainerItemProxy;
			containerPortal = 4D17EDCB1C4260D10027E280 /* loadsim_4_garaxy.xcodeproj */;
			proxyType = 2;
			remoteGlobalIDString = 8D1107320486CEB800E47090;
			remoteInfo = loadsim_3_dumses;
		};
		4D17EE261C4260D10027E280 /* PBXContainerItemProxy */ = {
			isa = PBXContainerItemProxy;
			containerPortal = 4D17EDCE1C4260D10027E280 /* loadsim_5_garaxy.xcodeproj */;
			proxyType = 2;
			remoteGlobalIDString = 8D1107320486CEB800E47090;
			remoteInfo = loadsim_5_garaxy;
		};
		4D17EE291C4260D10027E280 /* PBXContainerItemProxy */ = {
			isa = PBXContainerItemProxy;
			containerPortal = 4D17EDD11C4260D10027E280 /* loadsim_6_garaxy.xcodeproj */;
			proxyType = 2;
			remoteGlobalIDString = 8D1107320486CEB800E47090;
			remoteInfo = loadsim_6_garaxy;
		};
		4D17EE2C1C4260D10027E280 /* PBXContainerItemProxy */ = {
			isa = PBXContainerItemProxy;
			containerPortal = 4D17EDD41C4260D10027E280 /* slopemap_1.xcodeproj */;
			proxyType = 2;
			remoteGlobalIDString = 8D1107320486CEB800E47090;
			remoteInfo = slopemap_1;
		};
		4D17EE2F1C4260D10027E280 /* PBXContainerItemProxy */ = {
			isa = PBXContainerItemProxy;
			containerPortal = 4D17EDD71C4260D10027E280 /* slopemap_2.xcodeproj */;
			proxyType = 2;
			remoteGlobalIDString = 8D1107320486CEB800E47090;
			remoteInfo = slopemap_2;
		};
		4D17EE321C4260D10027E280 /* PBXContainerItemProxy */ = {
			isa = PBXContainerItemProxy;
			containerPortal = 4D17EDDA1C4260D10027E280 /* slopemap_3.xcodeproj */;
			proxyType = 2;
			remoteGlobalIDString = 8D1107320486CEB800E47090;
			remoteInfo = slopemap_3;
		};
		4D17EE351C4260D10027E280 /* PBXContainerItemProxy */ = {
			isa = PBXContainerItemProxy;
			containerPortal = 4D17EDDD1C4260D10027E280 /* slopemap_4.xcodeproj */;
			proxyType = 2;
			remoteGlobalIDString = 8D1107320486CEB800E47090;
			remoteInfo = slopemap_4;
		};
		4D17EE381C4260D10027E280 /* PBXContainerItemProxy */ = {
			isa = PBXContainerItemProxy;
			containerPortal = 4D17EDE01C4260D10027E280 /* slopemap_5.xcodeproj */;
			proxyType = 2;
			remoteGlobalIDString = 8D1107320486CEB800E47090;
			remoteInfo = slopemap_5;
		};
		4D17EE3B1C4260D10027E280 /* PBXContainerItemProxy */ = {
			isa = PBXContainerItemProxy;
			containerPortal = 4D17EDE31C4260D10027E280 /* sound_writer_1.xcodeproj */;
			proxyType = 2;
			remoteGlobalIDString = 6A2BC2331B080B5D0043E8EC;
			remoteInfo = sound_writer_1;
		};
		4D17EE3E1C4260D10027E280 /* PBXContainerItemProxy */ = {
			isa = PBXContainerItemProxy;
			containerPortal = 4D17EDE61C4260D10027E280 /* sound_writer_2.xcodeproj */;
			proxyType = 2;
			remoteGlobalIDString = 6A2BC2331B080B5D0043E8EC;
			remoteInfo = sound_writer_2;
		};
		4D17EE421C4260D10027E280 /* PBXContainerItemProxy */ = {
			isa = PBXContainerItemProxy;
			containerPortal = 4D17EDE91C4260D10027E280 /* sound_writer_3_simTowav.xcodeproj */;
			proxyType = 2;
			remoteGlobalIDString = 6A2BC2331B080B5D0043E8EC;
			remoteInfo = sound_writer_3_simTowav;
		};
		4D17EE441C4260D10027E280 /* PBXContainerItemProxy */ = {
			isa = PBXContainerItemProxy;
			containerPortal = 4D17EDE91C4260D10027E280 /* sound_writer_3_simTowav.xcodeproj */;
			proxyType = 2;
			remoteGlobalIDString = 6A11962F1BF301DB00C6C436;
			remoteInfo = "sound_writer_3_simTowav copy";
		};
		4D17EE471C4260D10027E280 /* PBXContainerItemProxy */ = {
			isa = PBXContainerItemProxy;
			containerPortal = 4D17EDEC1C4260D10027E280 /* voronoi_1.xcodeproj */;
			proxyType = 2;
			remoteGlobalIDString = 8D1107320486CEB800E47090;
			remoteInfo = voronoi_1;
		};
/* End PBXContainerItemProxy section */

/* Begin PBXFileReference section */
		4D17ED9B1C4260D00027E280 /* contour_0.xcodeproj */ = {isa = PBXFileReference; lastKnownFileType = "wrapper.pb-project"; name = contour_0.xcodeproj; path = ../contour_0/xcode/contour_0.xcodeproj; sourceTree = "<group>"; };
		4D17ED9E1C4260D00027E280 /* contour_1.xcodeproj */ = {isa = PBXFileReference; lastKnownFileType = "wrapper.pb-project"; name = contour_1.xcodeproj; path = ../contour_1/xcode/contour_1.xcodeproj; sourceTree = "<group>"; };
		4D17EDA11C4260D00027E280 /* csound_1.xcodeproj */ = {isa = PBXFileReference; lastKnownFileType = "wrapper.pb-project"; name = csound_1.xcodeproj; path = ../csound_1/xcode/csound_1.xcodeproj; sourceTree = "<group>"; };
		4D17EDA41C4260D00027E280 /* csound_2.xcodeproj */ = {isa = PBXFileReference; lastKnownFileType = "wrapper.pb-project"; name = csound_2.xcodeproj; path = ../csound_2/xcode/csound_2.xcodeproj; sourceTree = "<group>"; };
		4D17EDA71C4260D00027E280 /* csound_3_grain.xcodeproj */ = {isa = PBXFileReference; lastKnownFileType = "wrapper.pb-project"; name = csound_3_grain.xcodeproj; path = ../csound_3_grain/xcode/csound_3_grain.xcodeproj; sourceTree = "<group>"; };
		4D17EDAA1C4260D00027E280 /* csound_4_sine.xcodeproj */ = {isa = PBXFileReference; lastKnownFileType = "wrapper.pb-project"; name = csound_4_sine.xcodeproj; path = ../csound_4_sine/xcode/csound_4_sine.xcodeproj; sourceTree = "<group>"; };
		4D17EDAD1C4260D00027E280 /* csound_5_sub.xcodeproj */ = {isa = PBXFileReference; lastKnownFileType = "wrapper.pb-project"; name = csound_5_sub.xcodeproj; path = ../csound_5_sub/xcode/csound_5_sub.xcodeproj; sourceTree = "<group>"; };
		4D17EDB01C4260D00027E280 /* export2RF_1.xcodeproj */ = {isa = PBXFileReference; lastKnownFileType = "wrapper.pb-project"; name = export2RF_1.xcodeproj; path = ../export2RF_1/xcode/export2RF_1.xcodeproj; sourceTree = "<group>"; };
		4D17EDB31C4260D00027E280 /* export2RF_2.xcodeproj */ = {isa = PBXFileReference; lastKnownFileType = "wrapper.pb-project"; name = export2RF_2.xcodeproj; path = ../export2RF_2/xcode/export2RF_2.xcodeproj; sourceTree = "<group>"; };
		4D17EDB61C4260D00027E280 /* exporter_test.xcodeproj */ = {isa = PBXFileReference; lastKnownFileType = "wrapper.pb-project"; name = exporter_test.xcodeproj; path = ../exporter_test/xcode/exporter_test.xcodeproj; sourceTree = "<group>"; };
		4D17EDB91C4260D00027E280 /* filament_01.xcodeproj */ = {isa = PBXFileReference; lastKnownFileType = "wrapper.pb-project"; name = filament_01.xcodeproj; path = ../filament_01/xcode/filament_01.xcodeproj; sourceTree = "<group>"; };
		4D17EDBC1C4260D00027E280 /* filament_02.xcodeproj */ = {isa = PBXFileReference; lastKnownFileType = "wrapper.pb-project"; name = filament_02.xcodeproj; path = ../filament_02/xcode/filament_02.xcodeproj; sourceTree = "<group>"; };
		4D17EDBF1C4260D10027E280 /* lineout_1.xcodeproj */ = {isa = PBXFileReference; lastKnownFileType = "wrapper.pb-project"; name = lineout_1.xcodeproj; path = ../lineout_1/xcode/lineout_1.xcodeproj; sourceTree = "<group>"; };
		4D17EDC21C4260D10027E280 /* loadsim_1.xcodeproj */ = {isa = PBXFileReference; lastKnownFileType = "wrapper.pb-project"; name = loadsim_1.xcodeproj; path = ../loadsim_1/xcode/loadsim_1.xcodeproj; sourceTree = "<group>"; };
		4D17EDC51C4260D10027E280 /* loadsim_2.xcodeproj */ = {isa = PBXFileReference; lastKnownFileType = "wrapper.pb-project"; name = loadsim_2.xcodeproj; path = ../loadsim_2/xcode/loadsim_2.xcodeproj; sourceTree = "<group>"; };
		4D17EDC81C4260D10027E280 /* loadsim_3_dumses.xcodeproj */ = {isa = PBXFileReference; lastKnownFileType = "wrapper.pb-project"; name = loadsim_3_dumses.xcodeproj; path = ../loadsim_3_dumses/xcode/loadsim_3_dumses.xcodeproj; sourceTree = "<group>"; };
		4D17EDCB1C4260D10027E280 /* loadsim_4_garaxy.xcodeproj */ = {isa = PBXFileReference; lastKnownFileType = "wrapper.pb-project"; name = loadsim_4_garaxy.xcodeproj; path = ../loadsim_4_garalxy/xcode/loadsim_4_garaxy.xcodeproj; sourceTree = "<group>"; };
		4D17EDCE1C4260D10027E280 /* loadsim_5_garaxy.xcodeproj */ = {isa = PBXFileReference; lastKnownFileType = "wrapper.pb-project"; name = loadsim_5_garaxy.xcodeproj; path = ../loadsim_5_garalxy/xcode/loadsim_5_garaxy.xcodeproj; sourceTree = "<group>"; };
		4D17EDD11C4260D10027E280 /* loadsim_6_garaxy.xcodeproj */ = {isa = PBXFileReference; lastKnownFileType = "wrapper.pb-project"; name = loadsim_6_garaxy.xcodeproj; path = ../loadsim_6_garaxy/xcode/loadsim_6_garaxy.xcodeproj; sourceTree = "<group>"; };
		4D17EDD41C4260D10027E280 /* slopemap_1.xcodeproj */ = {isa = PBXFileReference; lastKnownFileType = "wrapper.pb-project"; name = slopemap_1.xcodeproj; path = ../slopemap_1/xcode/slopemap_1.xcodeproj; sourceTree = "<group>"; };
		4D17EDD71C4260D10027E280 /* slopemap_2.xcodeproj */ = {isa = PBXFileReference; lastKnownFileType = "wrapper.pb-project"; name = slopemap_2.xcodeproj; path = ../slopemap_2/xcode/slopemap_2.xcodeproj; sourceTree = "<group>"; };
		4D17EDDA1C4260D10027E280 /* slopemap_3.xcodeproj */ = {isa = PBXFileReference; lastKnownFileType = "wrapper.pb-project"; name = slopemap_3.xcodeproj; path = ../slopemap_3/xcode/slopemap_3.xcodeproj; sourceTree = "<group>"; };
		4D17EDDD1C4260D10027E280 /* slopemap_4.xcodeproj */ = {isa = PBXFileReference; lastKnownFileType = "wrapper.pb-project"; name = slopemap_4.xcodeproj; path = ../slopemap_4/xcode/slopemap_4.xcodeproj; sourceTree = "<group>"; };
		4D17EDE01C4260D10027E280 /* slopemap_5.xcodeproj */ = {isa = PBXFileReference; lastKnownFileType = "wrapper.pb-project"; name = slopemap_5.xcodeproj; path = ../slopemap_5/xcode/slopemap_5.xcodeproj; sourceTree = "<group>"; };
		4D17EDE31C4260D10027E280 /* sound_writer_1.xcodeproj */ = {isa = PBXFileReference; lastKnownFileType = "wrapper.pb-project"; name = sound_writer_1.xcodeproj; path = ../sound_writer_1/xcode/sound_writer_1.xcodeproj; sourceTree = "<group>"; };
		4D17EDE61C4260D10027E280 /* sound_writer_2.xcodeproj */ = {isa = PBXFileReference; lastKnownFileType = "wrapper.pb-project"; name = sound_writer_2.xcodeproj; path = ../sound_writer_2/xcode/sound_writer_2.xcodeproj; sourceTree = "<group>"; };
		4D17EDE91C4260D10027E280 /* sound_writer_3_simTowav.xcodeproj */ = {isa = PBXFileReference; lastKnownFileType = "wrapper.pb-project"; name = sound_writer_3_simTowav.xcodeproj; path = ../sound_writer_3_simTowav/xcode/sound_writer_3_simTowav.xcodeproj; sourceTree = "<group>"; };
		4D17EDEC1C4260D10027E280 /* voronoi_1.xcodeproj */ = {isa = PBXFileReference; lastKnownFileType = "wrapper.pb-project"; name = voronoi_1.xcodeproj; path = ../voronoi_1_point/xcode/voronoi_1.xcodeproj; sourceTree = "<group>"; };
		6A2755571BE927F3003B7804 /* all.xcconfig */ = {isa = PBXFileReference; fileEncoding = 4; lastKnownFileType = text.xcconfig; name = all.xcconfig; path = ../config/all.xcconfig; sourceTree = "<group>"; };
/* End PBXFileReference section */

/* Begin PBXGroup section */
		4D17ED9C1C4260D00027E280 /* Products */ = {
			isa = PBXGroup;
			children = (
				4D17EDF11C4260D10027E280 /* contour_0.app */,
			);
			name = Products;
			sourceTree = "<group>";
		};
		4D17ED9F1C4260D00027E280 /* Products */ = {
			isa = PBXGroup;
			children = (
				4D17EDF41C4260D10027E280 /* contour_1.app */,
			);
			name = Products;
			sourceTree = "<group>";
		};
		4D17EDA21C4260D00027E280 /* Products */ = {
			isa = PBXGroup;
			children = (
				4D17EDF71C4260D10027E280 /* csound_1.app */,
			);
			name = Products;
			sourceTree = "<group>";
		};
		4D17EDA51C4260D00027E280 /* Products */ = {
			isa = PBXGroup;
			children = (
				4D17EDFA1C4260D10027E280 /* csound_2.app */,
			);
			name = Products;
			sourceTree = "<group>";
		};
		4D17EDA81C4260D00027E280 /* Products */ = {
			isa = PBXGroup;
			children = (
				4D17EDFD1C4260D10027E280 /* csound_3_grain.app */,
			);
			name = Products;
			sourceTree = "<group>";
		};
		4D17EDAB1C4260D00027E280 /* Products */ = {
			isa = PBXGroup;
			children = (
				4D17EE011C4260D10027E280 /* csound_4_sine.app */,
				4D17EE031C4260D10027E280 /* csound_4_sine copy.app */,
			);
			name = Products;
			sourceTree = "<group>";
		};
		4D17EDAE1C4260D00027E280 /* Products */ = {
			isa = PBXGroup;
			children = (
				4D17EE061C4260D10027E280 /* csound_5_sub.app */,
			);
			name = Products;
			sourceTree = "<group>";
		};
		4D17EDB11C4260D00027E280 /* Products */ = {
			isa = PBXGroup;
			children = (
				4D17EE091C4260D10027E280 /* export2RF_1.app */,
			);
			name = Products;
			sourceTree = "<group>";
		};
		4D17EDB41C4260D00027E280 /* Products */ = {
			isa = PBXGroup;
			children = (
				4D17EE0C1C4260D10027E280 /* export2RF_2.app */,
			);
			name = Products;
			sourceTree = "<group>";
		};
		4D17EDB71C4260D00027E280 /* Products */ = {
			isa = PBXGroup;
			children = (
				4D17EE0F1C4260D10027E280 /* exporter_test.app */,
			);
			name = Products;
			sourceTree = "<group>";
		};
		4D17EDBA1C4260D00027E280 /* Products */ = {
			isa = PBXGroup;
			children = (
				4D17EE121C4260D10027E280 /* filament_01.app */,
			);
			name = Products;
			sourceTree = "<group>";
		};
		4D17EDBD1C4260D00027E280 /* Products */ = {
			isa = PBXGroup;
			children = (
				4D17EE151C4260D10027E280 /* filament_02.app */,
			);
			name = Products;
			sourceTree = "<group>";
		};
		4D17EDC01C4260D10027E280 /* Products */ = {
			isa = PBXGroup;
			children = (
				4D17EE181C4260D10027E280 /* lineout_1.app */,
			);
			name = Products;
			sourceTree = "<group>";
		};
		4D17EDC31C4260D10027E280 /* Products */ = {
			isa = PBXGroup;
			children = (
				4D17EE1B1C4260D10027E280 /* loadsim_1.app */,
			);
			name = Products;
			sourceTree = "<group>";
		};
		4D17EDC61C4260D10027E280 /* Products */ = {
			isa = PBXGroup;
			children = (
				4D17EE1E1C4260D10027E280 /* loadsim_2.app */,
			);
			name = Products;
			sourceTree = "<group>";
		};
		4D17EDC91C4260D10027E280 /* Products */ = {
			isa = PBXGroup;
			children = (
				4D17EE211C4260D10027E280 /* loadsim_3_dumses.app */,
			);
			name = Products;
			sourceTree = "<group>";
		};
		4D17EDCC1C4260D10027E280 /* Products */ = {
			isa = PBXGroup;
			children = (
				4D17EE241C4260D10027E280 /* loadsim_4_garaxy.app */,
			);
			name = Products;
			sourceTree = "<group>";
		};
		4D17EDCF1C4260D10027E280 /* Products */ = {
			isa = PBXGroup;
			children = (
				4D17EE271C4260D10027E280 /* loadsim_5_garaxy.app */,
			);
			name = Products;
			sourceTree = "<group>";
		};
		4D17EDD21C4260D10027E280 /* Products */ = {
			isa = PBXGroup;
			children = (
				4D17EE2A1C4260D10027E280 /* loadsim_6_garaxy.app */,
			);
			name = Products;
			sourceTree = "<group>";
		};
		4D17EDD51C4260D10027E280 /* Products */ = {
			isa = PBXGroup;
			children = (
				4D17EE2D1C4260D10027E280 /* slopemap_1.app */,
			);
			name = Products;
			sourceTree = "<group>";
		};
		4D17EDD81C4260D10027E280 /* Products */ = {
			isa = PBXGroup;
			children = (
				4D17EE301C4260D10027E280 /* slopemap_2.app */,
			);
			name = Products;
			sourceTree = "<group>";
		};
		4D17EDDB1C4260D10027E280 /* Products */ = {
			isa = PBXGroup;
			children = (
				4D17EE331C4260D10027E280 /* slopemap_3.app */,
			);
			name = Products;
			sourceTree = "<group>";
		};
		4D17EDDE1C4260D10027E280 /* Products */ = {
			isa = PBXGroup;
			children = (
				4D17EE361C4260D10027E280 /* slopemap_4.app */,
			);
			name = Products;
			sourceTree = "<group>";
		};
		4D17EDE11C4260D10027E280 /* Products */ = {
			isa = PBXGroup;
			children = (
				4D17EE391C4260D10027E280 /* slopemap_5.app */,
			);
			name = Products;
			sourceTree = "<group>";
		};
		4D17EDE41C4260D10027E280 /* Products */ = {
			isa = PBXGroup;
			children = (
				4D17EE3C1C4260D10027E280 /* sound_writer_1.app */,
			);
			name = Products;
			sourceTree = "<group>";
		};
		4D17EDE71C4260D10027E280 /* Products */ = {
			isa = PBXGroup;
			children = (
				4D17EE3F1C4260D10027E280 /* sound_writer_2.app */,
			);
			name = Products;
			sourceTree = "<group>";
		};
		4D17EDEA1C4260D10027E280 /* Products */ = {
			isa = PBXGroup;
			children = (
				4D17EE431C4260D10027E280 /* sound_writer_3_simTowav.app */,
				4D17EE451C4260D10027E280 /* sound_writer_3_simTowav copy.app */,
			);
			name = Products;
			sourceTree = "<group>";
		};
		4D17EDED1C4260D10027E280 /* Products */ = {
			isa = PBXGroup;
			children = (
				4D17EE481C4260D10027E280 /* voronoi_1.app */,
			);
			name = Products;
			sourceTree = "<group>";
		};
		6A8A99ED1BE64068006BD10C = {
			isa = PBXGroup;
			children = (
				6A2755571BE927F3003B7804 /* all.xcconfig */,
				4D17ED9B1C4260D00027E280 /* contour_0.xcodeproj */,
				4D17ED9E1C4260D00027E280 /* contour_1.xcodeproj */,
				4D17EDA11C4260D00027E280 /* csound_1.xcodeproj */,
				4D17EDA41C4260D00027E280 /* csound_2.xcodeproj */,
				4D17EDA71C4260D00027E280 /* csound_3_grain.xcodeproj */,
				4D17EDAA1C4260D00027E280 /* csound_4_sine.xcodeproj */,
				4D17EDAD1C4260D00027E280 /* csound_5_sub.xcodeproj */,
				4D17EDB01C4260D00027E280 /* export2RF_1.xcodeproj */,
				4D17EDB31C4260D00027E280 /* export2RF_2.xcodeproj */,
				4D17EDB61C4260D00027E280 /* exporter_test.xcodeproj */,
				4D17EDB91C4260D00027E280 /* filament_01.xcodeproj */,
				4D17EDBC1C4260D00027E280 /* filament_02.xcodeproj */,
				4D17EDBF1C4260D10027E280 /* lineout_1.xcodeproj */,
				4D17EDC21C4260D10027E280 /* loadsim_1.xcodeproj */,
				4D17EDC51C4260D10027E280 /* loadsim_2.xcodeproj */,
				4D17EDC81C4260D10027E280 /* loadsim_3_dumses.xcodeproj */,
				4D17EDCB1C4260D10027E280 /* loadsim_4_garaxy.xcodeproj */,
				4D17EDCE1C4260D10027E280 /* loadsim_5_garaxy.xcodeproj */,
				4D17EDD11C4260D10027E280 /* loadsim_6_garaxy.xcodeproj */,
				4D17EDD41C4260D10027E280 /* slopemap_1.xcodeproj */,
				4D17EDD71C4260D10027E280 /* slopemap_2.xcodeproj */,
				4D17EDDA1C4260D10027E280 /* slopemap_3.xcodeproj */,
				4D17EDDD1C4260D10027E280 /* slopemap_4.xcodeproj */,
				4D17EDE01C4260D10027E280 /* slopemap_5.xcodeproj */,
				4D17EDE31C4260D10027E280 /* sound_writer_1.xcodeproj */,
				4D17EDE61C4260D10027E280 /* sound_writer_2.xcodeproj */,
				4D17EDE91C4260D10027E280 /* sound_writer_3_simTowav.xcodeproj */,
				4D17EDEC1C4260D10027E280 /* voronoi_1.xcodeproj */,
			);
			sourceTree = "<group>";
		};
/* End PBXGroup section */

/* Begin PBXProject section */
		6A8A99EE1BE64068006BD10C /* Project object */ = {
			isa = PBXProject;
			attributes = {
				LastUpgradeCheck = 0640;
				TargetAttributes = {
					6A8A9A8D1BE641A9006BD10C = {
						CreatedOnToolsVersion = 6.4;
					};
				};
			};
			buildConfigurationList = 6A8A99F11BE64068006BD10C /* Build configuration list for PBXProject "_uf_all" */;
			compatibilityVersion = "Xcode 3.2";
			developmentRegion = English;
			hasScannedForEncodings = 0;
			knownRegions = (
				en,
			);
			mainGroup = 6A8A99ED1BE64068006BD10C;
			projectDirPath = "";
			projectReferences = (
				{
					ProductGroup = 4D17ED9C1C4260D00027E280 /* Products */;
					ProjectRef = 4D17ED9B1C4260D00027E280 /* contour_0.xcodeproj */;
				},
				{
					ProductGroup = 4D17ED9F1C4260D00027E280 /* Products */;
					ProjectRef = 4D17ED9E1C4260D00027E280 /* contour_1.xcodeproj */;
				},
				{
					ProductGroup = 4D17EDA21C4260D00027E280 /* Products */;
					ProjectRef = 4D17EDA11C4260D00027E280 /* csound_1.xcodeproj */;
				},
				{
					ProductGroup = 4D17EDA51C4260D00027E280 /* Products */;
					ProjectRef = 4D17EDA41C4260D00027E280 /* csound_2.xcodeproj */;
				},
				{
					ProductGroup = 4D17EDA81C4260D00027E280 /* Products */;
					ProjectRef = 4D17EDA71C4260D00027E280 /* csound_3_grain.xcodeproj */;
				},
				{
					ProductGroup = 4D17EDAB1C4260D00027E280 /* Products */;
					ProjectRef = 4D17EDAA1C4260D00027E280 /* csound_4_sine.xcodeproj */;
				},
				{
					ProductGroup = 4D17EDAE1C4260D00027E280 /* Products */;
					ProjectRef = 4D17EDAD1C4260D00027E280 /* csound_5_sub.xcodeproj */;
				},
				{
					ProductGroup = 4D17EDB11C4260D00027E280 /* Products */;
					ProjectRef = 4D17EDB01C4260D00027E280 /* export2RF_1.xcodeproj */;
				},
				{
					ProductGroup = 4D17EDB41C4260D00027E280 /* Products */;
					ProjectRef = 4D17EDB31C4260D00027E280 /* export2RF_2.xcodeproj */;
				},
				{
					ProductGroup = 4D17EDB71C4260D00027E280 /* Products */;
					ProjectRef = 4D17EDB61C4260D00027E280 /* exporter_test.xcodeproj */;
				},
				{
					ProductGroup = 4D17EDBA1C4260D00027E280 /* Products */;
					ProjectRef = 4D17EDB91C4260D00027E280 /* filament_01.xcodeproj */;
				},
				{
					ProductGroup = 4D17EDBD1C4260D00027E280 /* Products */;
					ProjectRef = 4D17EDBC1C4260D00027E280 /* filament_02.xcodeproj */;
				},
				{
					ProductGroup = 4D17EDC01C4260D10027E280 /* Products */;
					ProjectRef = 4D17EDBF1C4260D10027E280 /* lineout_1.xcodeproj */;
				},
				{
					ProductGroup = 4D17EDC31C4260D10027E280 /* Products */;
					ProjectRef = 4D17EDC21C4260D10027E280 /* loadsim_1.xcodeproj */;
				},
				{
					ProductGroup = 4D17EDC61C4260D10027E280 /* Products */;
					ProjectRef = 4D17EDC51C4260D10027E280 /* loadsim_2.xcodeproj */;
				},
				{
					ProductGroup = 4D17EDC91C4260D10027E280 /* Products */;
					ProjectRef = 4D17EDC81C4260D10027E280 /* loadsim_3_dumses.xcodeproj */;
				},
				{
					ProductGroup = 4D17EDCC1C4260D10027E280 /* Products */;
					ProjectRef = 4D17EDCB1C4260D10027E280 /* loadsim_4_garaxy.xcodeproj */;
				},
				{
					ProductGroup = 4D17EDCF1C4260D10027E280 /* Products */;
					ProjectRef = 4D17EDCE1C4260D10027E280 /* loadsim_5_garaxy.xcodeproj */;
				},
				{
					ProductGroup = 4D17EDD21C4260D10027E280 /* Products */;
					ProjectRef = 4D17EDD11C4260D10027E280 /* loadsim_6_garaxy.xcodeproj */;
				},
				{
					ProductGroup = 4D17EDD51C4260D10027E280 /* Products */;
					ProjectRef = 4D17EDD41C4260D10027E280 /* slopemap_1.xcodeproj */;
				},
				{
					ProductGroup = 4D17EDD81C4260D10027E280 /* Products */;
					ProjectRef = 4D17EDD71C4260D10027E280 /* slopemap_2.xcodeproj */;
				},
				{
					ProductGroup = 4D17EDDB1C4260D10027E280 /* Products */;
					ProjectRef = 4D17EDDA1C4260D10027E280 /* slopemap_3.xcodeproj */;
				},
				{
					ProductGroup = 4D17EDDE1C4260D10027E280 /* Products */;
					ProjectRef = 4D17EDDD1C4260D10027E280 /* slopemap_4.xcodeproj */;
				},
				{
					ProductGroup = 4D17EDE11C4260D10027E280 /* Products */;
					ProjectRef = 4D17EDE01C4260D10027E280 /* slopemap_5.xcodeproj */;
				},
				{
					ProductGroup = 4D17EDE41C4260D10027E280 /* Products */;
					ProjectRef = 4D17EDE31C4260D10027E280 /* sound_writer_1.xcodeproj */;
				},
				{
					ProductGroup = 4D17EDE71C4260D10027E280 /* Products */;
					ProjectRef = 4D17EDE61C4260D10027E280 /* sound_writer_2.xcodeproj */;
				},
				{
					ProductGroup = 4D17EDEA1C4260D10027E280 /* Products */;
					ProjectRef = 4D17EDE91C4260D10027E280 /* sound_writer_3_simTowav.xcodeproj */;
				},
				{
					ProductGroup = 4D17EDED1C4260D10027E280 /* Products */;
					ProjectRef = 4D17EDEC1C4260D10027E280 /* voronoi_1.xcodeproj */;
				},
			);
			projectRoot = "";
			targets = (
				6A8A9A8D1BE641A9006BD10C /* _uf_all */,
			);
		};
/* End PBXProject section */

/* Begin PBXReferenceProxy section */
		4D17EDF11C4260D10027E280 /* contour_0.app */ = {
			isa = PBXReferenceProxy;
			fileType = wrapper.application;
			path = contour_0.app;
			remoteRef = 4D17EDF01C4260D10027E280 /* PBXContainerItemProxy */;
			sourceTree = BUILT_PRODUCTS_DIR;
		};
		4D17EDF41C4260D10027E280 /* contour_1.app */ = {
			isa = PBXReferenceProxy;
			fileType = wrapper.application;
			path = contour_1.app;
			remoteRef = 4D17EDF31C4260D10027E280 /* PBXContainerItemProxy */;
			sourceTree = BUILT_PRODUCTS_DIR;
		};
		4D17EDF71C4260D10027E280 /* csound_1.app */ = {
			isa = PBXReferenceProxy;
			fileType = wrapper.application;
			path = csound_1.app;
			remoteRef = 4D17EDF61C4260D10027E280 /* PBXContainerItemProxy */;
			sourceTree = BUILT_PRODUCTS_DIR;
		};
		4D17EDFA1C4260D10027E280 /* csound_2.app */ = {
			isa = PBXReferenceProxy;
			fileType = wrapper.application;
			path = csound_2.app;
			remoteRef = 4D17EDF91C4260D10027E280 /* PBXContainerItemProxy */;
			sourceTree = BUILT_PRODUCTS_DIR;
		};
		4D17EDFD1C4260D10027E280 /* csound_3_grain.app */ = {
			isa = PBXReferenceProxy;
			fileType = wrapper.application;
			path = csound_3_grain.app;
			remoteRef = 4D17EDFC1C4260D10027E280 /* PBXContainerItemProxy */;
			sourceTree = BUILT_PRODUCTS_DIR;
		};
		4D17EE011C4260D10027E280 /* csound_4_sine.app */ = {
			isa = PBXReferenceProxy;
			fileType = wrapper.application;
			path = csound_4_sine.app;
			remoteRef = 4D17EE001C4260D10027E280 /* PBXContainerItemProxy */;
			sourceTree = BUILT_PRODUCTS_DIR;
		};
		4D17EE031C4260D10027E280 /* csound_4_sine copy.app */ = {
			isa = PBXReferenceProxy;
			fileType = wrapper.application;
			path = "csound_4_sine copy.app";
			remoteRef = 4D17EE021C4260D10027E280 /* PBXContainerItemProxy */;
			sourceTree = BUILT_PRODUCTS_DIR;
		};
		4D17EE061C4260D10027E280 /* csound_5_sub.app */ = {
			isa = PBXReferenceProxy;
			fileType = wrapper.application;
			path = csound_5_sub.app;
			remoteRef = 4D17EE051C4260D10027E280 /* PBXContainerItemProxy */;
			sourceTree = BUILT_PRODUCTS_DIR;
		};
		4D17EE091C4260D10027E280 /* export2RF_1.app */ = {
			isa = PBXReferenceProxy;
			fileType = wrapper.application;
			path = export2RF_1.app;
			remoteRef = 4D17EE081C4260D10027E280 /* PBXContainerItemProxy */;
			sourceTree = BUILT_PRODUCTS_DIR;
		};
		4D17EE0C1C4260D10027E280 /* export2RF_2.app */ = {
			isa = PBXReferenceProxy;
			fileType = wrapper.application;
			path = export2RF_2.app;
			remoteRef = 4D17EE0B1C4260D10027E280 /* PBXContainerItemProxy */;
			sourceTree = BUILT_PRODUCTS_DIR;
		};
		4D17EE0F1C4260D10027E280 /* exporter_test.app */ = {
			isa = PBXReferenceProxy;
			fileType = wrapper.application;
			path = exporter_test.app;
			remoteRef = 4D17EE0E1C4260D10027E280 /* PBXContainerItemProxy */;
			sourceTree = BUILT_PRODUCTS_DIR;
		};
		4D17EE121C4260D10027E280 /* filament_01.app */ = {
			isa = PBXReferenceProxy;
			fileType = wrapper.application;
			path = filament_01.app;
			remoteRef = 4D17EE111C4260D10027E280 /* PBXContainerItemProxy */;
			sourceTree = BUILT_PRODUCTS_DIR;
		};
		4D17EE151C4260D10027E280 /* filament_02.app */ = {
			isa = PBXReferenceProxy;
			fileType = wrapper.application;
			path = filament_02.app;
			remoteRef = 4D17EE141C4260D10027E280 /* PBXContainerItemProxy */;
			sourceTree = BUILT_PRODUCTS_DIR;
		};
		4D17EE181C4260D10027E280 /* lineout_1.app */ = {
			isa = PBXReferenceProxy;
			fileType = wrapper.application;
			path = lineout_1.app;
			remoteRef = 4D17EE171C4260D10027E280 /* PBXContainerItemProxy */;
			sourceTree = BUILT_PRODUCTS_DIR;
		};
		4D17EE1B1C4260D10027E280 /* loadsim_1.app */ = {
			isa = PBXReferenceProxy;
			fileType = wrapper.application;
			path = loadsim_1.app;
			remoteRef = 4D17EE1A1C4260D10027E280 /* PBXContainerItemProxy */;
			sourceTree = BUILT_PRODUCTS_DIR;
		};
		4D17EE1E1C4260D10027E280 /* loadsim_2.app */ = {
			isa = PBXReferenceProxy;
			fileType = wrapper.application;
			path = loadsim_2.app;
			remoteRef = 4D17EE1D1C4260D10027E280 /* PBXContainerItemProxy */;
			sourceTree = BUILT_PRODUCTS_DIR;
		};
		4D17EE211C4260D10027E280 /* loadsim_3_dumses.app */ = {
			isa = PBXReferenceProxy;
			fileType = wrapper.application;
			path = loadsim_3_dumses.app;
			remoteRef = 4D17EE201C4260D10027E280 /* PBXContainerItemProxy */;
			sourceTree = BUILT_PRODUCTS_DIR;
		};
		4D17EE241C4260D10027E280 /* loadsim_4_garaxy.app */ = {
			isa = PBXReferenceProxy;
			fileType = wrapper.application;
			path = loadsim_4_garaxy.app;
			remoteRef = 4D17EE231C4260D10027E280 /* PBXContainerItemProxy */;
			sourceTree = BUILT_PRODUCTS_DIR;
		};
		4D17EE271C4260D10027E280 /* loadsim_5_garaxy.app */ = {
			isa = PBXReferenceProxy;
			fileType = wrapper.application;
			path = loadsim_5_garaxy.app;
			remoteRef = 4D17EE261C4260D10027E280 /* PBXContainerItemProxy */;
			sourceTree = BUILT_PRODUCTS_DIR;
		};
		4D17EE2A1C4260D10027E280 /* loadsim_6_garaxy.app */ = {
			isa = PBXReferenceProxy;
			fileType = wrapper.application;
			path = loadsim_6_garaxy.app;
			remoteRef = 4D17EE291C4260D10027E280 /* PBXContainerItemProxy */;
			sourceTree = BUILT_PRODUCTS_DIR;
		};
		4D17EE2D1C4260D10027E280 /* slopemap_1.app */ = {
			isa = PBXReferenceProxy;
			fileType = wrapper.application;
			path = slopemap_1.app;
			remoteRef = 4D17EE2C1C4260D10027E280 /* PBXContainerItemProxy */;
			sourceTree = BUILT_PRODUCTS_DIR;
		};
		4D17EE301C4260D10027E280 /* slopemap_2.app */ = {
			isa = PBXReferenceProxy;
			fileType = wrapper.application;
			path = slopemap_2.app;
			remoteRef = 4D17EE2F1C4260D10027E280 /* PBXContainerItemProxy */;
			sourceTree = BUILT_PRODUCTS_DIR;
		};
		4D17EE331C4260D10027E280 /* slopemap_3.app */ = {
			isa = PBXReferenceProxy;
			fileType = wrapper.application;
			path = slopemap_3.app;
			remoteRef = 4D17EE321C4260D10027E280 /* PBXContainerItemProxy */;
			sourceTree = BUILT_PRODUCTS_DIR;
		};
		4D17EE361C4260D10027E280 /* slopemap_4.app */ = {
			isa = PBXReferenceProxy;
			fileType = wrapper.application;
			path = slopemap_4.app;
			remoteRef = 4D17EE351C4260D10027E280 /* PBXContainerItemProxy */;
			sourceTree = BUILT_PRODUCTS_DIR;
		};
		4D17EE391C4260D10027E280 /* slopemap_5.app */ = {
			isa = PBXReferenceProxy;
			fileType = wrapper.application;
			path = slopemap_5.app;
			remoteRef = 4D17EE381C4260D10027E280 /* PBXContainerItemProxy */;
			sourceTree = BUILT_PRODUCTS_DIR;
		};
		4D17EE3C1C4260D10027E280 /* sound_writer_1.app */ = {
			isa = PBXReferenceProxy;
			fileType = wrapper.application;
			path = sound_writer_1.app;
			remoteRef = 4D17EE3B1C4260D10027E280 /* PBXContainerItemProxy */;
			sourceTree = BUILT_PRODUCTS_DIR;
		};
		4D17EE3F1C4260D10027E280 /* sound_writer_2.app */ = {
			isa = PBXReferenceProxy;
			fileType = wrapper.application;
			path = sound_writer_2.app;
			remoteRef = 4D17EE3E1C4260D10027E280 /* PBXContainerItemProxy */;
			sourceTree = BUILT_PRODUCTS_DIR;
		};
		4D17EE431C4260D10027E280 /* sound_writer_3_simTowav.app */ = {
			isa = PBXReferenceProxy;
			fileType = wrapper.application;
			path = sound_writer_3_simTowav.app;
			remoteRef = 4D17EE421C4260D10027E280 /* PBXContainerItemProxy */;
			sourceTree = BUILT_PRODUCTS_DIR;
		};
		4D17EE451C4260D10027E280 /* sound_writer_3_simTowav copy.app */ = {
			isa = PBXReferenceProxy;
			fileType = wrapper.application;
			path = "sound_writer_3_simTowav copy.app";
			remoteRef = 4D17EE441C4260D10027E280 /* PBXContainerItemProxy */;
			sourceTree = BUILT_PRODUCTS_DIR;
		};
		4D17EE481C4260D10027E280 /* voronoi_1.app */ = {
			isa = PBXReferenceProxy;
			fileType = wrapper.application;
			path = voronoi_1.app;
			remoteRef = 4D17EE471C4260D10027E280 /* PBXContainerItemProxy */;
			sourceTree = BUILT_PRODUCTS_DIR;
		};
/* End PBXReferenceProxy section */

/* Begin XCBuildConfiguration section */
		6A8A99F21BE64068006BD10C /* Debug */ = {
			isa = XCBuildConfiguration;
			buildSettings = {
			};
			name = Debug;
		};
		6A8A99F31BE64068006BD10C /* Release */ = {
			isa = XCBuildConfiguration;
			buildSettings = {
			};
			name = Release;
		};
		6A8A9A8F1BE641A9006BD10C /* Debug */ = {
			isa = XCBuildConfiguration;
			buildSettings = {
				PRODUCT_NAME = _uf_all;
			};
			name = Debug;
		};
		6A8A9A901BE641A9006BD10C /* Release */ = {
			isa = XCBuildConfiguration;
			buildSettings = {
				PRODUCT_NAME = _uf_all;
			};
			name = Release;
		};
/* End XCBuildConfiguration section */

/* Begin XCConfigurationList section */
		6A8A99F11BE64068006BD10C /* Build configuration list for PBXProject "_uf_all" */ = {
			isa = XCConfigurationList;
			buildConfigurations = (
				6A8A99F21BE64068006BD10C /* Debug */,
				6A8A99F31BE64068006BD10C /* Release */,
			);
			defaultConfigurationIsVisible = 0;
			defaultConfigurationName = Release;
		};
		6A8A9A8E1BE641A9006BD10C /* Build configuration list for PBXAggregateTarget "_uf_all" */ = {
			isa = XCConfigurationList;
			buildConfigurations = (
				6A8A9A8F1BE641A9006BD10C /* Debug */,
				6A8A9A901BE641A9006BD10C /* Release */,
			);
			defaultConfigurationIsVisible = 0;
			defaultConfigurationName = Release;
		};
/* End XCConfigurationList section */
	};
	rootObject = 6A8A99EE1BE64068006BD10C /* Project object */;
}
