// !$*UTF8*$!
{
	archiveVersion = 1;
	classes = {
	};
	objectVersion = 46;
	objects = {

/* Begin PBXBuildFile section */
		0091D8F90E81B9330029341E /* OpenGL.framework in Frameworks */ = {isa = PBXBuildFile; fileRef = 0091D8F80E81B9330029341E /* OpenGL.framework */; };
		00B784B30FF439BC000DE1D7 /* Accelerate.framework in Frameworks */ = {isa = PBXBuildFile; fileRef = 00B784AF0FF439BC000DE1D7 /* Accelerate.framework */; };
		00B784B40FF439BC000DE1D7 /* AudioToolbox.framework in Frameworks */ = {isa = PBXBuildFile; fileRef = 00B784B00FF439BC000DE1D7 /* AudioToolbox.framework */; };
		00B784B50FF439BC000DE1D7 /* AudioUnit.framework in Frameworks */ = {isa = PBXBuildFile; fileRef = 00B784B10FF439BC000DE1D7 /* AudioUnit.framework */; };
		00B784B60FF439BC000DE1D7 /* CoreAudio.framework in Frameworks */ = {isa = PBXBuildFile; fileRef = 00B784B20FF439BC000DE1D7 /* CoreAudio.framework */; };
		13F4CB1A47D64E98988CAEE5 /* cApp.cpp in Sources */ = {isa = PBXBuildFile; fileRef = AEF6A16AF68948639A699138 /* cApp.cpp */; };
		5323E6B20EAFCA74003A9687 /* CoreVideo.framework in Frameworks */ = {isa = PBXBuildFile; fileRef = 5323E6B10EAFCA74003A9687 /* CoreVideo.framework */; };
		5323E6B60EAFCA7E003A9687 /* QTKit.framework in Frameworks */ = {isa = PBXBuildFile; fileRef = 5323E6B50EAFCA7E003A9687 /* QTKit.framework */; };
		6A183D151B065F1400E686A3 /* CsoundLib64.framework in Frameworks */ = {isa = PBXBuildFile; fileRef = 6A183D141B065F1400E686A3 /* CsoundLib64.framework */; };
		6A19C2CB1B0616DD00A8AD2D /* Cairo.cpp in Sources */ = {isa = PBXBuildFile; fileRef = 6A19C2CA1B0616DD00A8AD2D /* Cairo.cpp */; };
		6A53449B1AF7B1BD00EB5383 /* MyCamera.cpp in Sources */ = {isa = PBXBuildFile; fileRef = 6A53449A1AF7B1BD00EB5383 /* MyCamera.cpp */; };
		6A8A9ABE1BE64258006BD10C /* partikkle_2_r1.orc in Resources */ = {isa = PBXBuildFile; fileRef = 6A8A9ABD1BE64258006BD10C /* partikkle_2_r1.orc */; };
		6AC60E031AF39A9D00345E26 /* ContourMap.cpp in Sources */ = {isa = PBXBuildFile; fileRef = 6AC60E011AF39A9D00345E26 /* ContourMap.cpp */; };
		8D11072F0486CEB800E47090 /* Cocoa.framework in Frameworks */ = {isa = PBXBuildFile; fileRef = 1058C7A1FEA54F0111CA2CBB /* Cocoa.framework */; };
/* End PBXBuildFile section */

/* Begin PBXFileReference section */
		0091D8F80E81B9330029341E /* OpenGL.framework */ = {isa = PBXFileReference; lastKnownFileType = wrapper.framework; name = OpenGL.framework; path = /System/Library/Frameworks/OpenGL.framework; sourceTree = "<absolute>"; };
		00B784AF0FF439BC000DE1D7 /* Accelerate.framework */ = {isa = PBXFileReference; lastKnownFileType = wrapper.framework; name = Accelerate.framework; path = System/Library/Frameworks/Accelerate.framework; sourceTree = SDKROOT; };
		00B784B00FF439BC000DE1D7 /* AudioToolbox.framework */ = {isa = PBXFileReference; lastKnownFileType = wrapper.framework; name = AudioToolbox.framework; path = System/Library/Frameworks/AudioToolbox.framework; sourceTree = SDKROOT; };
		00B784B10FF439BC000DE1D7 /* AudioUnit.framework */ = {isa = PBXFileReference; lastKnownFileType = wrapper.framework; name = AudioUnit.framework; path = System/Library/Frameworks/AudioUnit.framework; sourceTree = SDKROOT; };
		00B784B20FF439BC000DE1D7 /* CoreAudio.framework */ = {isa = PBXFileReference; lastKnownFileType = wrapper.framework; name = CoreAudio.framework; path = System/Library/Frameworks/CoreAudio.framework; sourceTree = SDKROOT; };
		08F93EAE4679458E9C1DE6E6 /* Info.plist */ = {isa = PBXFileReference; lastKnownFileType = text.plist.xml; path = Info.plist; sourceTree = "<group>"; };
		1058C7A1FEA54F0111CA2CBB /* Cocoa.framework */ = {isa = PBXFileReference; lastKnownFileType = wrapper.framework; name = Cocoa.framework; path = /System/Library/Frameworks/Cocoa.framework; sourceTree = "<absolute>"; };
		29B97324FDCFA39411CA2CEA /* AppKit.framework */ = {isa = PBXFileReference; lastKnownFileType = wrapper.framework; name = AppKit.framework; path = /System/Library/Frameworks/AppKit.framework; sourceTree = "<absolute>"; };
		29B97325FDCFA39411CA2CEA /* Foundation.framework */ = {isa = PBXFileReference; lastKnownFileType = wrapper.framework; name = Foundation.framework; path = /System/Library/Frameworks/Foundation.framework; sourceTree = "<absolute>"; };
		5323E6B10EAFCA74003A9687 /* CoreVideo.framework */ = {isa = PBXFileReference; lastKnownFileType = wrapper.framework; name = CoreVideo.framework; path = /System/Library/Frameworks/CoreVideo.framework; sourceTree = "<absolute>"; };
		5323E6B50EAFCA7E003A9687 /* QTKit.framework */ = {isa = PBXFileReference; lastKnownFileType = wrapper.framework; name = QTKit.framework; path = /System/Library/Frameworks/QTKit.framework; sourceTree = "<absolute>"; };
		6A183D141B065F1400E686A3 /* CsoundLib64.framework */ = {isa = PBXFileReference; lastKnownFileType = wrapper.framework; name = CsoundLib64.framework; path = /Library/Frameworks/CsoundLib64.framework; sourceTree = "<absolute>"; };
		6A19C2CA1B0616DD00A8AD2D /* Cairo.cpp */ = {isa = PBXFileReference; fileEncoding = 4; lastKnownFileType = sourcecode.cpp.cpp; name = Cairo.cpp; path = ../../../blocks/Cairo/src/Cairo.cpp; sourceTree = "<group>"; };
		6A2BC22F1B0804910043E8EC /* csound_3_grain.app */ = {isa = PBXFileReference; explicitFileType = wrapper.application; includeInIndex = 0; path = csound_3_grain.app; sourceTree = BUILT_PRODUCTS_DIR; };
		6A3691051B06B03A0095DF1A /* bin */ = {isa = PBXFileReference; lastKnownFileType = folder; path = bin; sourceTree = "<group>"; };
		6A371B861AE5149700BAE4E4 /* Exporter.h */ = {isa = PBXFileReference; fileEncoding = 4; lastKnownFileType = sourcecode.c.h; path = Exporter.h; sourceTree = "<group>"; };
		6A37EF481B20B13E00D65E5D /* ConsoleColor.h */ = {isa = PBXFileReference; fileEncoding = 4; lastKnownFileType = sourcecode.c.h; path = ConsoleColor.h; sourceTree = "<group>"; };
		6A3F98031BE42047004B678E /* csound_3_grain copy-Info.plist */ = {isa = PBXFileReference; lastKnownFileType = text.plist.xml; name = "csound_3_grain copy-Info.plist"; path = "/Volumes/StudioRK/unfold/dev/cinder_0.8.6_mac/_uf/csound_3_grain/xcode/csound_3_grain copy-Info.plist"; sourceTree = "<absolute>"; };
		6A53448F1AF7ABF800EB5383 /* MyCamera.h */ = {isa = PBXFileReference; fileEncoding = 4; lastKnownFileType = sourcecode.c.h; path = MyCamera.h; sourceTree = "<group>"; };
		6A53449A1AF7B1BD00EB5383 /* MyCamera.cpp */ = {isa = PBXFileReference; fileEncoding = 4; lastKnownFileType = sourcecode.cpp.cpp; path = MyCamera.cpp; sourceTree = "<group>"; };
		6A8A9ABD1BE64258006BD10C /* partikkle_2_r1.orc */ = {isa = PBXFileReference; fileEncoding = 4; lastKnownFileType = text; name = partikkle_2_r1.orc; path = ../../../../assets/csound/partikkle_2_r1.orc; sourceTree = "<group>"; };
		6AAB06E41B1262D900AC8B49 /* debug.xcconfig */ = {isa = PBXFileReference; lastKnownFileType = text.xcconfig; path = debug.xcconfig; sourceTree = "<group>"; };
		6AAB06E51B1262D900AC8B49 /* release.xcconfig */ = {isa = PBXFileReference; lastKnownFileType = text.xcconfig; path = release.xcconfig; sourceTree = "<group>"; };
		6AC60DFD1AF393F700345E26 /* ufUtil.h */ = {isa = PBXFileReference; fileEncoding = 4; lastKnownFileType = sourcecode.c.h; path = ufUtil.h; sourceTree = "<group>"; };
		6AC60E011AF39A9D00345E26 /* ContourMap.cpp */ = {isa = PBXFileReference; fileEncoding = 4; lastKnownFileType = sourcecode.cpp.cpp; path = ContourMap.cpp; sourceTree = "<group>"; };
		6AC60E021AF39A9D00345E26 /* ContourMap.h */ = {isa = PBXFileReference; fileEncoding = 4; lastKnownFileType = sourcecode.c.h; path = ContourMap.h; sourceTree = "<group>"; };
		AEF6A16AF68948639A699138 /* cApp.cpp */ = {isa = PBXFileReference; lastKnownFileType = sourcecode.cpp.cpp; name = cApp.cpp; path = ../src/cApp.cpp; sourceTree = "<group>"; };
/* End PBXFileReference section */

/* Begin PBXFrameworksBuildPhase section */
		8D11072E0486CEB800E47090 /* Frameworks */ = {
			isa = PBXFrameworksBuildPhase;
			buildActionMask = 2147483647;
			files = (
				6A183D151B065F1400E686A3 /* CsoundLib64.framework in Frameworks */,
				8D11072F0486CEB800E47090 /* Cocoa.framework in Frameworks */,
				0091D8F90E81B9330029341E /* OpenGL.framework in Frameworks */,
				5323E6B20EAFCA74003A9687 /* CoreVideo.framework in Frameworks */,
				5323E6B60EAFCA7E003A9687 /* QTKit.framework in Frameworks */,
				00B784B30FF439BC000DE1D7 /* Accelerate.framework in Frameworks */,
				00B784B40FF439BC000DE1D7 /* AudioToolbox.framework in Frameworks */,
				00B784B50FF439BC000DE1D7 /* AudioUnit.framework in Frameworks */,
				00B784B60FF439BC000DE1D7 /* CoreAudio.framework in Frameworks */,
			);
			runOnlyForDeploymentPostprocessing = 0;
		};
/* End PBXFrameworksBuildPhase section */

/* Begin PBXGroup section */
		01B97315FEAEA392516A2CEA /* Blocks */ = {
			isa = PBXGroup;
			children = (
				6A19C2CA1B0616DD00A8AD2D /* Cairo.cpp */,
			);
			name = Blocks;
			sourceTree = "<group>";
		};
		080E96DDFE201D6D7F000001 /* Source */ = {
			isa = PBXGroup;
			children = (
				6A371B821AE5149700BAE4E4 /* module */,
				AEF6A16AF68948639A699138 /* cApp.cpp */,
			);
			name = Source;
			sourceTree = "<group>";
		};
		1058C7A0FEA54F0111CA2CBB /* Linked Frameworks */ = {
			isa = PBXGroup;
			children = (
				00B784AF0FF439BC000DE1D7 /* Accelerate.framework */,
				00B784B00FF439BC000DE1D7 /* AudioToolbox.framework */,
				00B784B10FF439BC000DE1D7 /* AudioUnit.framework */,
				00B784B20FF439BC000DE1D7 /* CoreAudio.framework */,
				5323E6B50EAFCA7E003A9687 /* QTKit.framework */,
				5323E6B10EAFCA74003A9687 /* CoreVideo.framework */,
				0091D8F80E81B9330029341E /* OpenGL.framework */,
				1058C7A1FEA54F0111CA2CBB /* Cocoa.framework */,
			);
			name = "Linked Frameworks";
			sourceTree = "<group>";
		};
		1058C7A2FEA54F0111CA2CBB /* Other Frameworks */ = {
			isa = PBXGroup;
			children = (
				29B97324FDCFA39411CA2CEA /* AppKit.framework */,
				29B97325FDCFA39411CA2CEA /* Foundation.framework */,
			);
			name = "Other Frameworks";
			sourceTree = "<group>";
		};
		29B97314FDCFA39411CA2CEA /* contour_1 */ = {
			isa = PBXGroup;
			children = (
				6A8A9ABD1BE64258006BD10C /* partikkle_2_r1.orc */,
				6AAB06E31B1262D900AC8B49 /* config */,
				01B97315FEAEA392516A2CEA /* Blocks */,
				080E96DDFE201D6D7F000001 /* Source */,
				29B97317FDCFA39411CA2CEA /* Resources */,
				29B97323FDCFA39411CA2CEA /* Frameworks */,
				6A3691051B06B03A0095DF1A /* bin */,
				6A2BC22F1B0804910043E8EC /* csound_3_grain.app */,
				6A3F98031BE42047004B678E /* csound_3_grain copy-Info.plist */,
			);
			name = contour_1;
			sourceTree = "<group>";
		};
		29B97317FDCFA39411CA2CEA /* Resources */ = {
			isa = PBXGroup;
			children = (
				08F93EAE4679458E9C1DE6E6 /* Info.plist */,
			);
			name = Resources;
			sourceTree = "<group>";
		};
		29B97323FDCFA39411CA2CEA /* Frameworks */ = {
			isa = PBXGroup;
			children = (
				6A183D141B065F1400E686A3 /* CsoundLib64.framework */,
				1058C7A0FEA54F0111CA2CBB /* Linked Frameworks */,
				1058C7A2FEA54F0111CA2CBB /* Other Frameworks */,
			);
			name = Frameworks;
			sourceTree = "<group>";
		};
		6A371B821AE5149700BAE4E4 /* module */ = {
			isa = PBXGroup;
			children = (
				6A37EF481B20B13E00D65E5D /* ConsoleColor.h */,
				6A53448F1AF7ABF800EB5383 /* MyCamera.h */,
				6A53449A1AF7B1BD00EB5383 /* MyCamera.cpp */,
				6AC60DFD1AF393F700345E26 /* ufUtil.h */,
				6A371B861AE5149700BAE4E4 /* Exporter.h */,
				6AC60E011AF39A9D00345E26 /* ContourMap.cpp */,
				6AC60E021AF39A9D00345E26 /* ContourMap.h */,
			);
			name = module;
			path = ../../module;
			sourceTree = "<group>";
		};
		6AAB06E31B1262D900AC8B49 /* config */ = {
			isa = PBXGroup;
			children = (
				6AAB06E41B1262D900AC8B49 /* debug.xcconfig */,
				6AAB06E51B1262D900AC8B49 /* release.xcconfig */,
			);
			path = config;
			sourceTree = "<group>";
		};
/* End PBXGroup section */

/* Begin PBXNativeTarget section */
		8D1107260486CEB800E47090 /* csound_3_grain */ = {
			isa = PBXNativeTarget;
			buildConfigurationList = C01FCF4A08A954540054247B /* Build configuration list for PBXNativeTarget "csound_3_grain" */;
			buildPhases = (
				8D1107290486CEB800E47090 /* Resources */,
				8D11072C0486CEB800E47090 /* Sources */,
				8D11072E0486CEB800E47090 /* Frameworks */,
			);
			buildRules = (
			);
			dependencies = (
			);
			name = csound_3_grain;
			productInstallPath = "$(HOME)/Applications";
			productName = contour_1;
			productReference = 6A2BC22F1B0804910043E8EC /* csound_3_grain.app */;
			productType = "com.apple.product-type.application";
		};
/* End PBXNativeTarget section */

/* Begin PBXProject section */
		29B97313FDCFA39411CA2CEA /* Project object */ = {
			isa = PBXProject;
			attributes = {
			};
			buildConfigurationList = C01FCF4E08A954540054247B /* Build configuration list for PBXProject "csound_3_grain" */;
			compatibilityVersion = "Xcode 3.2";
			developmentRegion = English;
			hasScannedForEncodings = 1;
			knownRegions = (
				English,
				Japanese,
				French,
				German,
			);
			mainGroup = 29B97314FDCFA39411CA2CEA /* contour_1 */;
			productRefGroup = 29B97314FDCFA39411CA2CEA /* contour_1 */;
			projectDirPath = "";
			projectRoot = "";
			targets = (
				8D1107260486CEB800E47090 /* csound_3_grain */,
			);
		};
/* End PBXProject section */

/* Begin PBXResourcesBuildPhase section */
		8D1107290486CEB800E47090 /* Resources */ = {
			isa = PBXResourcesBuildPhase;
			buildActionMask = 2147483647;
			files = (
				6A8A9ABE1BE64258006BD10C /* partikkle_2_r1.orc in Resources */,
			);
			runOnlyForDeploymentPostprocessing = 0;
		};
/* End PBXResourcesBuildPhase section */

/* Begin PBXSourcesBuildPhase section */
		8D11072C0486CEB800E47090 /* Sources */ = {
			isa = PBXSourcesBuildPhase;
			buildActionMask = 2147483647;
			files = (
				6A19C2CB1B0616DD00A8AD2D /* Cairo.cpp in Sources */,
				13F4CB1A47D64E98988CAEE5 /* cApp.cpp in Sources */,
				6A53449B1AF7B1BD00EB5383 /* MyCamera.cpp in Sources */,
				6AC60E031AF39A9D00345E26 /* ContourMap.cpp in Sources */,
			);
			runOnlyForDeploymentPostprocessing = 0;
		};
/* End PBXSourcesBuildPhase section */

/* Begin XCBuildConfiguration section */
		C01FCF4B08A954540054247B /* Debug */ = {
			isa = XCBuildConfiguration;
			buildSettings = {
				COMBINE_HIDPI_IMAGES = YES;
				CONFIGURATION_BUILD_DIR = "$(SRCROOT)/bin/";
				COPY_PHASE_STRIP = NO;
				DEAD_CODE_STRIPPING = YES;
				FRAMEWORK_SEARCH_PATHS = (
					"$(inherited)",
					"$(LOCAL_LIBRARY_DIR)/Frameworks",
				);
				GCC_DYNAMIC_NO_PIC = NO;
				GCC_INLINES_ARE_PRIVATE_EXTERN = YES;
				GCC_OPTIMIZATION_LEVEL = 0;
				GCC_PRECOMPILE_PREFIX_HEADER = NO;
				GCC_PREFIX_HEADER = "";
				GCC_PREPROCESSOR_DEFINITIONS = (
					"DEBUG=1",
					"$(inherited)",
				);
				GCC_SYMBOLS_PRIVATE_EXTERN = NO;
				HEADER_SEARCH_PATHS = "$(inherited)";
				INFOPLIST_FILE = Info.plist;
				INSTALL_PATH = "$(HOME)/Applications";
				LIBRARY_SEARCH_PATHS = (
					"$(inherited)",
					"$(LOCAL_LIBRARY_DIR)/Frameworks/CsoundLib64.framework/Versions/6.0",
				);
				OTHER_LDFLAGS = "$(inherited)";
				PRODUCT_NAME = "$(PROJECT_NAME)";
				SYMROOT = ./build;
				USER_HEADER_SEARCH_PATHS = "$(inherited)";
				WRAPPER_EXTENSION = app;
			};
			name = Debug;
		};
		C01FCF4C08A954540054247B /* Release */ = {
			isa = XCBuildConfiguration;
			buildSettings = {
				COMBINE_HIDPI_IMAGES = YES;
				CONFIGURATION_BUILD_DIR = "$(SRCROOT)/bin/";
				DEAD_CODE_STRIPPING = YES;
				DEBUG_INFORMATION_FORMAT = "dwarf-with-dsym";
				FRAMEWORK_SEARCH_PATHS = (
					"$(inherited)",
					"$(LOCAL_LIBRARY_DIR)/Frameworks",
				);
				GCC_FAST_MATH = YES;
				GCC_GENERATE_DEBUGGING_SYMBOLS = NO;
				GCC_INLINES_ARE_PRIVATE_EXTERN = YES;
				GCC_OPTIMIZATION_LEVEL = 3;
				GCC_PRECOMPILE_PREFIX_HEADER = NO;
				GCC_PREFIX_HEADER = "";
				GCC_PREPROCESSOR_DEFINITIONS = (
					"NDEBUG=1",
					"$(inherited)",
				);
				GCC_SYMBOLS_PRIVATE_EXTERN = NO;
				HEADER_SEARCH_PATHS = "$(inherited)";
				INFOPLIST_FILE = Info.plist;
				INSTALL_PATH = "$(HOME)/Applications";
				LIBRARY_SEARCH_PATHS = (
					"$(inherited)",
					"$(LOCAL_LIBRARY_DIR)/Frameworks/CsoundLib64.framework/Versions/6.0",
				);
				OTHER_LDFLAGS = "$(inherited)";
				PRODUCT_NAME = "$(PROJECT_NAME)";
				STRIP_INSTALLED_PRODUCT = YES;
				SYMROOT = ./build;
				USER_HEADER_SEARCH_PATHS = "$(inherited)";
				WRAPPER_EXTENSION = app;
			};
			name = Release;
		};
		C01FCF4F08A954540054247B /* Debug */ = {
			isa = XCBuildConfiguration;
			baseConfigurationReference = 6AAB06E41B1262D900AC8B49 /* debug.xcconfig */;
			buildSettings = {
				ALWAYS_SEARCH_USER_PATHS = NO;
				ARCHS = "$(ARCHS_STANDARD)";
				CINDER_PATH = ../../..;
				CLANG_CXX_LANGUAGE_STANDARD = "c++0x";
				CLANG_CXX_LIBRARY = "libc++";
				GCC_PRECOMPILE_PREFIX_HEADER = NO;
				GCC_WARN_ABOUT_RETURN_TYPE = YES;
				GCC_WARN_UNUSED_VARIABLE = YES;
				MACOSX_DEPLOYMENT_TARGET = 10.7;
				SDKROOT = macosx;
			};
			name = Debug;
		};
		C01FCF5008A954540054247B /* Release */ = {
			isa = XCBuildConfiguration;
			baseConfigurationReference = 6AAB06E51B1262D900AC8B49 /* release.xcconfig */;
			buildSettings = {
				ALWAYS_SEARCH_USER_PATHS = NO;
				ARCHS = "$(ARCHS_STANDARD)";
				CINDER_PATH = ../../..;
				CLANG_CXX_LANGUAGE_STANDARD = "c++0x";
				CLANG_CXX_LIBRARY = "libc++";
				GCC_PRECOMPILE_PREFIX_HEADER = NO;
				GCC_WARN_ABOUT_RETURN_TYPE = YES;
				GCC_WARN_UNUSED_VARIABLE = YES;
				MACOSX_DEPLOYMENT_TARGET = 10.7;
				SDKROOT = macosx;
			};
			name = Release;
		};
/* End XCBuildConfiguration section */

/* Begin XCConfigurationList section */
		C01FCF4A08A954540054247B /* Build configuration list for PBXNativeTarget "csound_3_grain" */ = {
			isa = XCConfigurationList;
			buildConfigurations = (
				C01FCF4B08A954540054247B /* Debug */,
				C01FCF4C08A954540054247B /* Release */,
			);
			defaultConfigurationIsVisible = 0;
			defaultConfigurationName = Release;
		};
		C01FCF4E08A954540054247B /* Build configuration list for PBXProject "csound_3_grain" */ = {
			isa = XCConfigurationList;
			buildConfigurations = (
				C01FCF4F08A954540054247B /* Debug */,
				C01FCF5008A954540054247B /* Release */,
			);
			defaultConfigurationIsVisible = 0;
			defaultConfigurationName = Release;
		};
/* End XCConfigurationList section */
	};
	rootObject = 29B97313FDCFA39411CA2CEA /* Project object */;
}
