// !$*UTF8*$!
{
	archiveVersion = 1;
	classes = {
	};
	objectVersion = 46;
	objects = {

/* Begin PBXBuildFile section */
		0091D8F90E81B9330029341E /* OpenGL.framework in Frameworks */ = {isa = PBXBuildFile; fileRef = 0091D8F80E81B9330029341E /* OpenGL.framework */; };
		00B784B30FF439BC000DE1D7 /* Accelerate.framework in Frameworks */ = {isa = PBXBuildFile; fileRef = 00B784AF0FF439BC000DE1D7 /* Accelerate.framework */; };
		00B784B40FF439BC000DE1D7 /* AudioToolbox.framework in Frameworks */ = {isa = PBXBuildFile; fileRef = 00B784B00FF439BC000DE1D7 /* AudioToolbox.framework */; };
		00B784B50FF439BC000DE1D7 /* AudioUnit.framework in Frameworks */ = {isa = PBXBuildFile; fileRef = 00B784B10FF439BC000DE1D7 /* AudioUnit.framework */; };
		00B784B60FF439BC000DE1D7 /* CoreAudio.framework in Frameworks */ = {isa = PBXBuildFile; fileRef = 00B784B20FF439BC000DE1D7 /* CoreAudio.framework */; };
		5323E6B20EAFCA74003A9687 /* CoreVideo.framework in Frameworks */ = {isa = PBXBuildFile; fileRef = 5323E6B10EAFCA74003A9687 /* CoreVideo.framework */; };
		5323E6B60EAFCA7E003A9687 /* QTKit.framework in Frameworks */ = {isa = PBXBuildFile; fileRef = 5323E6B50EAFCA7E003A9687 /* QTKit.framework */; };
		5C52DCB08E264CDD91B67B83 /* Cairo.cpp in Sources */ = {isa = PBXBuildFile; fileRef = 9AC835B0C31447F7AA14A22B /* Cairo.cpp */; };
		6A5344981AF7AC0500EB5383 /* ContourMap.cpp in Sources */ = {isa = PBXBuildFile; fileRef = 6A5344921AF7AC0500EB5383 /* ContourMap.cpp */; };
		6A5344991AF7AC0500EB5383 /* MyCamera.cpp in Sources */ = {isa = PBXBuildFile; fileRef = 6A5344951AF7AC0500EB5383 /* MyCamera.cpp */; };
		8D11072F0486CEB800E47090 /* Cocoa.framework in Frameworks */ = {isa = PBXBuildFile; fileRef = 1058C7A1FEA54F0111CA2CBB /* Cocoa.framework */; };
		AC6EE218F84E465AB185AC14 /* CinderApp.icns in Resources */ = {isa = PBXBuildFile; fileRef = 8231FF410486449B8270DC76 /* CinderApp.icns */; };
		CEE482CA843A4CB2A21A75E7 /* contour_0App.cpp in Sources */ = {isa = PBXBuildFile; fileRef = 444894A18C4C457A91266DCA /* contour_0App.cpp */; };
/* End PBXBuildFile section */

/* Begin PBXFileReference section */
		0091D8F80E81B9330029341E /* OpenGL.framework */ = {isa = PBXFileReference; lastKnownFileType = wrapper.framework; name = OpenGL.framework; path = /System/Library/Frameworks/OpenGL.framework; sourceTree = "<absolute>"; };
		00B784AF0FF439BC000DE1D7 /* Accelerate.framework */ = {isa = PBXFileReference; lastKnownFileType = wrapper.framework; name = Accelerate.framework; path = System/Library/Frameworks/Accelerate.framework; sourceTree = SDKROOT; };
		00B784B00FF439BC000DE1D7 /* AudioToolbox.framework */ = {isa = PBXFileReference; lastKnownFileType = wrapper.framework; name = AudioToolbox.framework; path = System/Library/Frameworks/AudioToolbox.framework; sourceTree = SDKROOT; };
		00B784B10FF439BC000DE1D7 /* AudioUnit.framework */ = {isa = PBXFileReference; lastKnownFileType = wrapper.framework; name = AudioUnit.framework; path = System/Library/Frameworks/AudioUnit.framework; sourceTree = SDKROOT; };
		00B784B20FF439BC000DE1D7 /* CoreAudio.framework */ = {isa = PBXFileReference; lastKnownFileType = wrapper.framework; name = CoreAudio.framework; path = System/Library/Frameworks/CoreAudio.framework; sourceTree = SDKROOT; };
		1058C7A1FEA54F0111CA2CBB /* Cocoa.framework */ = {isa = PBXFileReference; lastKnownFileType = wrapper.framework; name = Cocoa.framework; path = /System/Library/Frameworks/Cocoa.framework; sourceTree = "<absolute>"; };
		29B97324FDCFA39411CA2CEA /* AppKit.framework */ = {isa = PBXFileReference; lastKnownFileType = wrapper.framework; name = AppKit.framework; path = /System/Library/Frameworks/AppKit.framework; sourceTree = "<absolute>"; };
		29B97325FDCFA39411CA2CEA /* Foundation.framework */ = {isa = PBXFileReference; lastKnownFileType = wrapper.framework; name = Foundation.framework; path = /System/Library/Frameworks/Foundation.framework; sourceTree = "<absolute>"; };
		3FEF55647A6441F2823BD5D3 /* Cairo.h */ = {isa = PBXFileReference; lastKnownFileType = sourcecode.c.h; name = Cairo.h; path = ../../../../../../Documents/cinder/cinder_0.8.6_mac/blocks/Cairo/include/cinder/cairo/Cairo.h; sourceTree = "<group>"; };
		444894A18C4C457A91266DCA /* contour_0App.cpp */ = {isa = PBXFileReference; lastKnownFileType = sourcecode.c.cpp; name = contour_0App.cpp; path = ../src/contour_0App.cpp; sourceTree = "<group>"; };
		4BEF787AA9004B32B5115213 /* CinderOpenCV.h */ = {isa = PBXFileReference; lastKnownFileType = sourcecode.c.h; name = CinderOpenCV.h; path = ../../../../../../Documents/cinder/cinder_0.8.6_mac/blocks/OpenCV/include/CinderOpenCV.h; sourceTree = "<group>"; };
		5323E6B10EAFCA74003A9687 /* CoreVideo.framework */ = {isa = PBXFileReference; lastKnownFileType = wrapper.framework; name = CoreVideo.framework; path = /System/Library/Frameworks/CoreVideo.framework; sourceTree = "<absolute>"; };
		5323E6B50EAFCA7E003A9687 /* QTKit.framework */ = {isa = PBXFileReference; lastKnownFileType = wrapper.framework; name = QTKit.framework; path = /System/Library/Frameworks/QTKit.framework; sourceTree = "<absolute>"; };
		6A5344921AF7AC0500EB5383 /* ContourMap.cpp */ = {isa = PBXFileReference; fileEncoding = 4; lastKnownFileType = sourcecode.cpp.cpp; path = ContourMap.cpp; sourceTree = "<group>"; };
		6A5344931AF7AC0500EB5383 /* ContourMap.h */ = {isa = PBXFileReference; fileEncoding = 4; lastKnownFileType = sourcecode.c.h; path = ContourMap.h; sourceTree = "<group>"; };
		6A5344941AF7AC0500EB5383 /* Exporter.h */ = {isa = PBXFileReference; fileEncoding = 4; lastKnownFileType = sourcecode.c.h; path = Exporter.h; sourceTree = "<group>"; };
		6A5344951AF7AC0500EB5383 /* MyCamera.cpp */ = {isa = PBXFileReference; fileEncoding = 4; lastKnownFileType = sourcecode.cpp.cpp; path = MyCamera.cpp; sourceTree = "<group>"; };
		6A5344961AF7AC0500EB5383 /* MyCamera.h */ = {isa = PBXFileReference; fileEncoding = 4; lastKnownFileType = sourcecode.c.h; path = MyCamera.h; sourceTree = "<group>"; };
		6A5344971AF7AC0500EB5383 /* ufUtil.h */ = {isa = PBXFileReference; fileEncoding = 4; lastKnownFileType = sourcecode.c.h; path = ufUtil.h; sourceTree = "<group>"; };
		7419AF42BDB541BBAB80559D /* contour_0_Prefix.pch */ = {isa = PBXFileReference; lastKnownFileType = "\"\""; path = contour_0_Prefix.pch; sourceTree = "<group>"; };
		8231FF410486449B8270DC76 /* CinderApp.icns */ = {isa = PBXFileReference; lastKnownFileType = image.icns; name = CinderApp.icns; path = ../resources/CinderApp.icns; sourceTree = "<group>"; };
		8D1107320486CEB800E47090 /* contour_0.app */ = {isa = PBXFileReference; explicitFileType = wrapper.application; includeInIndex = 0; path = contour_0.app; sourceTree = BUILT_PRODUCTS_DIR; };
		95CFCBE1AFA244A19A93A224 /* Info.plist */ = {isa = PBXFileReference; lastKnownFileType = text.plist.xml; path = Info.plist; sourceTree = "<group>"; };
		9AC835B0C31447F7AA14A22B /* Cairo.cpp */ = {isa = PBXFileReference; lastKnownFileType = sourcecode.c.cpp; name = Cairo.cpp; path = ../../../../../../Documents/cinder/cinder_0.8.6_mac/blocks/Cairo/src/Cairo.cpp; sourceTree = "<group>"; };
		9CCB6B55DF404029A57E740A /* Resources.h */ = {isa = PBXFileReference; lastKnownFileType = sourcecode.c.h; name = Resources.h; path = ../include/Resources.h; sourceTree = "<group>"; };
/* End PBXFileReference section */

/* Begin PBXFrameworksBuildPhase section */
		8D11072E0486CEB800E47090 /* Frameworks */ = {
			isa = PBXFrameworksBuildPhase;
			buildActionMask = 2147483647;
			files = (
				8D11072F0486CEB800E47090 /* Cocoa.framework in Frameworks */,
				0091D8F90E81B9330029341E /* OpenGL.framework in Frameworks */,
				5323E6B20EAFCA74003A9687 /* CoreVideo.framework in Frameworks */,
				5323E6B60EAFCA7E003A9687 /* QTKit.framework in Frameworks */,
				00B784B30FF439BC000DE1D7 /* Accelerate.framework in Frameworks */,
				00B784B40FF439BC000DE1D7 /* AudioToolbox.framework in Frameworks */,
				00B784B50FF439BC000DE1D7 /* AudioUnit.framework in Frameworks */,
				00B784B60FF439BC000DE1D7 /* CoreAudio.framework in Frameworks */,
			);
			runOnlyForDeploymentPostprocessing = 0;
		};
/* End PBXFrameworksBuildPhase section */

/* Begin PBXGroup section */
		01B97315FEAEA392516A2CEA /* Blocks */ = {
			isa = PBXGroup;
			children = (
				A6ED4F40B23846F895126FE4 /* Cairo */,
				6059BE9F03E3468F9206B91F /* OpenCV */,
			);
			name = Blocks;
			sourceTree = "<group>";
		};
		080E96DDFE201D6D7F000001 /* Source */ = {
			isa = PBXGroup;
			children = (
				444894A18C4C457A91266DCA /* contour_0App.cpp */,
			);
			name = Source;
			sourceTree = "<group>";
		};
		1058C7A0FEA54F0111CA2CBB /* Linked Frameworks */ = {
			isa = PBXGroup;
			children = (
				00B784AF0FF439BC000DE1D7 /* Accelerate.framework */,
				00B784B00FF439BC000DE1D7 /* AudioToolbox.framework */,
				00B784B10FF439BC000DE1D7 /* AudioUnit.framework */,
				00B784B20FF439BC000DE1D7 /* CoreAudio.framework */,
				5323E6B50EAFCA7E003A9687 /* QTKit.framework */,
				5323E6B10EAFCA74003A9687 /* CoreVideo.framework */,
				0091D8F80E81B9330029341E /* OpenGL.framework */,
				1058C7A1FEA54F0111CA2CBB /* Cocoa.framework */,
			);
			name = "Linked Frameworks";
			sourceTree = "<group>";
		};
		1058C7A2FEA54F0111CA2CBB /* Other Frameworks */ = {
			isa = PBXGroup;
			children = (
				29B97324FDCFA39411CA2CEA /* AppKit.framework */,
				29B97325FDCFA39411CA2CEA /* Foundation.framework */,
			);
			name = "Other Frameworks";
			sourceTree = "<group>";
		};
		19C28FACFE9D520D11CA2CBB /* Products */ = {
			isa = PBXGroup;
			children = (
				8D1107320486CEB800E47090 /* contour_0.app */,
			);
			name = Products;
			sourceTree = "<group>";
		};
		29B97314FDCFA39411CA2CEA /* contour_0 */ = {
			isa = PBXGroup;
			children = (
				01B97315FEAEA392516A2CEA /* Blocks */,
				29B97315FDCFA39411CA2CEA /* Headers */,
				080E96DDFE201D6D7F000001 /* Source */,
				29B97317FDCFA39411CA2CEA /* Resources */,
				29B97323FDCFA39411CA2CEA /* Frameworks */,
				19C28FACFE9D520D11CA2CBB /* Products */,
			);
			name = contour_0;
			sourceTree = "<group>";
		};
		29B97315FDCFA39411CA2CEA /* Headers */ = {
			isa = PBXGroup;
			children = (
				6A5344911AF7AC0500EB5383 /* module */,
				9CCB6B55DF404029A57E740A /* Resources.h */,
				7419AF42BDB541BBAB80559D /* contour_0_Prefix.pch */,
			);
			name = Headers;
			sourceTree = "<group>";
		};
		29B97317FDCFA39411CA2CEA /* Resources */ = {
			isa = PBXGroup;
			children = (
				8231FF410486449B8270DC76 /* CinderApp.icns */,
				95CFCBE1AFA244A19A93A224 /* Info.plist */,
			);
			name = Resources;
			sourceTree = "<group>";
		};
		29B97323FDCFA39411CA2CEA /* Frameworks */ = {
			isa = PBXGroup;
			children = (
				1058C7A0FEA54F0111CA2CBB /* Linked Frameworks */,
				1058C7A2FEA54F0111CA2CBB /* Other Frameworks */,
			);
			name = Frameworks;
			sourceTree = "<group>";
		};
		3CF08BFE0D5941DEA3F125F7 /* include */ = {
			isa = PBXGroup;
			children = (
				4BEF787AA9004B32B5115213 /* CinderOpenCV.h */,
			);
			name = include;
			sourceTree = "<group>";
		};
		508C22E23C324284B4AD2C8E /* src */ = {
			isa = PBXGroup;
			children = (
				9AC835B0C31447F7AA14A22B /* Cairo.cpp */,
			);
			name = src;
			sourceTree = "<group>";
		};
		6059BE9F03E3468F9206B91F /* OpenCV */ = {
			isa = PBXGroup;
			children = (
				3CF08BFE0D5941DEA3F125F7 /* include */,
			);
			name = OpenCV;
			sourceTree = "<group>";
		};
		6A5344911AF7AC0500EB5383 /* module */ = {
			isa = PBXGroup;
			children = (
				6A5344921AF7AC0500EB5383 /* ContourMap.cpp */,
				6A5344931AF7AC0500EB5383 /* ContourMap.h */,
				6A5344941AF7AC0500EB5383 /* Exporter.h */,
				6A5344951AF7AC0500EB5383 /* MyCamera.cpp */,
				6A5344961AF7AC0500EB5383 /* MyCamera.h */,
				6A5344971AF7AC0500EB5383 /* ufUtil.h */,
			);
			name = module;
			path = ../../module;
			sourceTree = "<group>";
		};
		9F521147E02B40FD9D2FB398 /* cairo */ = {
			isa = PBXGroup;
			children = (
				3FEF55647A6441F2823BD5D3 /* Cairo.h */,
			);
			name = cairo;
			sourceTree = "<group>";
		};
		A6ED4F40B23846F895126FE4 /* Cairo */ = {
			isa = PBXGroup;
			children = (
				508C22E23C324284B4AD2C8E /* src */,
				CC12C8BE432D45C9963E1796 /* include */,
			);
			name = Cairo;
			sourceTree = "<group>";
		};
		CC12C8BE432D45C9963E1796 /* include */ = {
			isa = PBXGroup;
			children = (
				E1B8C7B42BB249BF84D2B1B5 /* cinder */,
			);
			name = include;
			sourceTree = "<group>";
		};
		E1B8C7B42BB249BF84D2B1B5 /* cinder */ = {
			isa = PBXGroup;
			children = (
				9F521147E02B40FD9D2FB398 /* cairo */,
			);
			name = cinder;
			sourceTree = "<group>";
		};
/* End PBXGroup section */

/* Begin PBXNativeTarget section */
		8D1107260486CEB800E47090 /* contour_0 */ = {
			isa = PBXNativeTarget;
			buildConfigurationList = C01FCF4A08A954540054247B /* Build configuration list for PBXNativeTarget "contour_0" */;
			buildPhases = (
				8D1107290486CEB800E47090 /* Resources */,
				8D11072C0486CEB800E47090 /* Sources */,
				8D11072E0486CEB800E47090 /* Frameworks */,
			);
			buildRules = (
			);
			dependencies = (
			);
			name = contour_0;
			productInstallPath = "$(HOME)/Applications";
			productName = contour_0;
			productReference = 8D1107320486CEB800E47090 /* contour_0.app */;
			productType = "com.apple.product-type.application";
		};
/* End PBXNativeTarget section */

/* Begin PBXProject section */
		29B97313FDCFA39411CA2CEA /* Project object */ = {
			isa = PBXProject;
			attributes = {
			};
			buildConfigurationList = C01FCF4E08A954540054247B /* Build configuration list for PBXProject "contour_0" */;
			compatibilityVersion = "Xcode 3.2";
			developmentRegion = English;
			hasScannedForEncodings = 1;
			knownRegions = (
				English,
				Japanese,
				French,
				German,
			);
			mainGroup = 29B97314FDCFA39411CA2CEA /* contour_0 */;
			projectDirPath = "";
			projectRoot = "";
			targets = (
				8D1107260486CEB800E47090 /* contour_0 */,
			);
		};
/* End PBXProject section */

/* Begin PBXResourcesBuildPhase section */
		8D1107290486CEB800E47090 /* Resources */ = {
			isa = PBXResourcesBuildPhase;
			buildActionMask = 2147483647;
			files = (
				AC6EE218F84E465AB185AC14 /* CinderApp.icns in Resources */,
			);
			runOnlyForDeploymentPostprocessing = 0;
		};
/* End PBXResourcesBuildPhase section */

/* Begin PBXSourcesBuildPhase section */
		8D11072C0486CEB800E47090 /* Sources */ = {
			isa = PBXSourcesBuildPhase;
			buildActionMask = 2147483647;
			files = (
				6A5344991AF7AC0500EB5383 /* MyCamera.cpp in Sources */,
				CEE482CA843A4CB2A21A75E7 /* contour_0App.cpp in Sources */,
				6A5344981AF7AC0500EB5383 /* ContourMap.cpp in Sources */,
				5C52DCB08E264CDD91B67B83 /* Cairo.cpp in Sources */,
			);
			runOnlyForDeploymentPostprocessing = 0;
		};
/* End PBXSourcesBuildPhase section */

/* Begin XCBuildConfiguration section */
		C01FCF4B08A954540054247B /* Debug */ = {
			isa = XCBuildConfiguration;
			buildSettings = {
				COMBINE_HIDPI_IMAGES = YES;
				COPY_PHASE_STRIP = NO;
				DEAD_CODE_STRIPPING = YES;
				GCC_DYNAMIC_NO_PIC = NO;
				GCC_INLINES_ARE_PRIVATE_EXTERN = YES;
				GCC_OPTIMIZATION_LEVEL = 0;
				GCC_PRECOMPILE_PREFIX_HEADER = YES;
				GCC_PREFIX_HEADER = contour_0_Prefix.pch;
				GCC_PREPROCESSOR_DEFINITIONS = (
					"DEBUG=1",
					"$(inherited)",
				);
				GCC_SYMBOLS_PRIVATE_EXTERN = NO;
				INFOPLIST_FILE = Info.plist;
				INSTALL_PATH = "$(HOME)/Applications";
				OTHER_LDFLAGS = (
					"\"$(CINDER_PATH)/lib/libcinder_d.a\"",
					../../../../../../Documents/cinder/cinder_0.8.6_mac/blocks/Cairo/lib/macosx/libcairo.a,
					"\"../../../../../../Documents/cinder/cinder_0.8.6_mac/blocks/Cairo/lib/macosx/libpixman-1.a\"",
					../../../../../../Documents/cinder/cinder_0.8.6_mac/blocks/Cairo/lib/macosx/libpng16.a,
					../../../../../../Documents/cinder/cinder_0.8.6_mac/blocks/OpenCV/lib/macosx/libopencv_calib3d.a,
					../../../../../../Documents/cinder/cinder_0.8.6_mac/blocks/OpenCV/lib/macosx/libopencv_contrib.a,
					../../../../../../Documents/cinder/cinder_0.8.6_mac/blocks/OpenCV/lib/macosx/libopencv_core.a,
					../../../../../../Documents/cinder/cinder_0.8.6_mac/blocks/OpenCV/lib/macosx/libopencv_features2d.a,
					../../../../../../Documents/cinder/cinder_0.8.6_mac/blocks/OpenCV/lib/macosx/libopencv_flann.a,
					../../../../../../Documents/cinder/cinder_0.8.6_mac/blocks/OpenCV/lib/macosx/libopencv_gpu.a,
					../../../../../../Documents/cinder/cinder_0.8.6_mac/blocks/OpenCV/lib/macosx/libopencv_imgproc.a,
					../../../../../../Documents/cinder/cinder_0.8.6_mac/blocks/OpenCV/lib/macosx/libopencv_legacy.a,
					../../../../../../Documents/cinder/cinder_0.8.6_mac/blocks/OpenCV/lib/macosx/libopencv_ml.a,
					../../../../../../Documents/cinder/cinder_0.8.6_mac/blocks/OpenCV/lib/macosx/libopencv_nonfree.a,
					../../../../../../Documents/cinder/cinder_0.8.6_mac/blocks/OpenCV/lib/macosx/libopencv_objdetect.a,
					../../../../../../Documents/cinder/cinder_0.8.6_mac/blocks/OpenCV/lib/macosx/libopencv_ocl.a,
					../../../../../../Documents/cinder/cinder_0.8.6_mac/blocks/OpenCV/lib/macosx/libopencv_photo.a,
					../../../../../../Documents/cinder/cinder_0.8.6_mac/blocks/OpenCV/lib/macosx/libopencv_stitching.a,
					../../../../../../Documents/cinder/cinder_0.8.6_mac/blocks/OpenCV/lib/macosx/libopencv_superres.a,
					../../../../../../Documents/cinder/cinder_0.8.6_mac/blocks/OpenCV/lib/macosx/libopencv_ts.a,
					../../../../../../Documents/cinder/cinder_0.8.6_mac/blocks/OpenCV/lib/macosx/libopencv_video.a,
					../../../../../../Documents/cinder/cinder_0.8.6_mac/blocks/OpenCV/lib/macosx/libopencv_videostab.a,
				);
				PRODUCT_NAME = contour_0;
				SYMROOT = ./build;
				WRAPPER_EXTENSION = app;
			};
			name = Debug;
		};
		C01FCF4C08A954540054247B /* Release */ = {
			isa = XCBuildConfiguration;
			buildSettings = {
				COMBINE_HIDPI_IMAGES = YES;
				DEAD_CODE_STRIPPING = YES;
				DEBUG_INFORMATION_FORMAT = "dwarf-with-dsym";
				GCC_FAST_MATH = YES;
				GCC_GENERATE_DEBUGGING_SYMBOLS = NO;
				GCC_INLINES_ARE_PRIVATE_EXTERN = YES;
				GCC_OPTIMIZATION_LEVEL = 3;
				GCC_PRECOMPILE_PREFIX_HEADER = YES;
				GCC_PREFIX_HEADER = contour_0_Prefix.pch;
				GCC_PREPROCESSOR_DEFINITIONS = (
					"NDEBUG=1",
					"$(inherited)",
				);
				GCC_SYMBOLS_PRIVATE_EXTERN = NO;
				INFOPLIST_FILE = Info.plist;
				INSTALL_PATH = "$(HOME)/Applications";
				OTHER_LDFLAGS = (
					"\"$(CINDER_PATH)/lib/libcinder.a\"",
					../../../../../../Documents/cinder/cinder_0.8.6_mac/blocks/Cairo/lib/macosx/libcairo.a,
					"\"../../../../../../Documents/cinder/cinder_0.8.6_mac/blocks/Cairo/lib/macosx/libpixman-1.a\"",
					../../../../../../Documents/cinder/cinder_0.8.6_mac/blocks/Cairo/lib/macosx/libpng16.a,
					../../../../../../Documents/cinder/cinder_0.8.6_mac/blocks/OpenCV/lib/macosx/libopencv_calib3d.a,
					../../../../../../Documents/cinder/cinder_0.8.6_mac/blocks/OpenCV/lib/macosx/libopencv_contrib.a,
					../../../../../../Documents/cinder/cinder_0.8.6_mac/blocks/OpenCV/lib/macosx/libopencv_core.a,
					../../../../../../Documents/cinder/cinder_0.8.6_mac/blocks/OpenCV/lib/macosx/libopencv_features2d.a,
					../../../../../../Documents/cinder/cinder_0.8.6_mac/blocks/OpenCV/lib/macosx/libopencv_flann.a,
					../../../../../../Documents/cinder/cinder_0.8.6_mac/blocks/OpenCV/lib/macosx/libopencv_gpu.a,
					../../../../../../Documents/cinder/cinder_0.8.6_mac/blocks/OpenCV/lib/macosx/libopencv_imgproc.a,
					../../../../../../Documents/cinder/cinder_0.8.6_mac/blocks/OpenCV/lib/macosx/libopencv_legacy.a,
					../../../../../../Documents/cinder/cinder_0.8.6_mac/blocks/OpenCV/lib/macosx/libopencv_ml.a,
					../../../../../../Documents/cinder/cinder_0.8.6_mac/blocks/OpenCV/lib/macosx/libopencv_nonfree.a,
					../../../../../../Documents/cinder/cinder_0.8.6_mac/blocks/OpenCV/lib/macosx/libopencv_objdetect.a,
					../../../../../../Documents/cinder/cinder_0.8.6_mac/blocks/OpenCV/lib/macosx/libopencv_ocl.a,
					../../../../../../Documents/cinder/cinder_0.8.6_mac/blocks/OpenCV/lib/macosx/libopencv_photo.a,
					../../../../../../Documents/cinder/cinder_0.8.6_mac/blocks/OpenCV/lib/macosx/libopencv_stitching.a,
					../../../../../../Documents/cinder/cinder_0.8.6_mac/blocks/OpenCV/lib/macosx/libopencv_superres.a,
					../../../../../../Documents/cinder/cinder_0.8.6_mac/blocks/OpenCV/lib/macosx/libopencv_ts.a,
					../../../../../../Documents/cinder/cinder_0.8.6_mac/blocks/OpenCV/lib/macosx/libopencv_video.a,
					../../../../../../Documents/cinder/cinder_0.8.6_mac/blocks/OpenCV/lib/macosx/libopencv_videostab.a,
				);
				PRODUCT_NAME = contour_0;
				STRIP_INSTALLED_PRODUCT = YES;
				SYMROOT = ./build;
				WRAPPER_EXTENSION = app;
			};
			name = Release;
		};
		C01FCF4F08A954540054247B /* Debug */ = {
			isa = XCBuildConfiguration;
			buildSettings = {
				ALWAYS_SEARCH_USER_PATHS = NO;
				ARCHS = i386;
				CINDER_PATH = ../../../../../../Documents/cinder/cinder_0.8.6_mac;
				CLANG_CXX_LANGUAGE_STANDARD = "c++0x";
				CLANG_CXX_LIBRARY = "libc++";
				GCC_WARN_ABOUT_RETURN_TYPE = YES;
				GCC_WARN_UNUSED_VARIABLE = YES;
				HEADER_SEARCH_PATHS = (
					"\"$(CINDER_PATH)/boost\"",
					../../../../../../Documents/cinder/cinder_0.8.6_mac/blocks/Cairo/include/macosx,
				);
				MACOSX_DEPLOYMENT_TARGET = 10.7;
				SDKROOT = macosx;
				USER_HEADER_SEARCH_PATHS = "\"$(CINDER_PATH)/include\" ../include ../../../../../../Documents/cinder/cinder_0.8.6_mac/blocks/Cairo/include ../../../../../../Documents/cinder/cinder_0.8.6_mac/blocks/OpenCV/include ../../../../../../Documents/cinder/cinder_0.8.6_mac/blocks/OpenCV/include/opencv2";
			};
			name = Debug;
		};
		C01FCF5008A954540054247B /* Release */ = {
			isa = XCBuildConfiguration;
			buildSettings = {
				ALWAYS_SEARCH_USER_PATHS = NO;
				ARCHS = i386;
				CINDER_PATH = ../../../../../../Documents/cinder/cinder_0.8.6_mac;
				CLANG_CXX_LANGUAGE_STANDARD = "c++0x";
				CLANG_CXX_LIBRARY = "libc++";
				GCC_WARN_ABOUT_RETURN_TYPE = YES;
				GCC_WARN_UNUSED_VARIABLE = YES;
				HEADER_SEARCH_PATHS = (
					"\"$(CINDER_PATH)/boost\"",
					../../../../../../Documents/cinder/cinder_0.8.6_mac/blocks/Cairo/include/macosx,
				);
				MACOSX_DEPLOYMENT_TARGET = 10.7;
				SDKROOT = macosx;
				USER_HEADER_SEARCH_PATHS = "\"$(CINDER_PATH)/include\" ../include ../../../../../../Documents/cinder/cinder_0.8.6_mac/blocks/Cairo/include ../../../../../../Documents/cinder/cinder_0.8.6_mac/blocks/OpenCV/include ../../../../../../Documents/cinder/cinder_0.8.6_mac/blocks/OpenCV/include/opencv2";
			};
			name = Release;
		};
/* End XCBuildConfiguration section */

/* Begin XCConfigurationList section */
		C01FCF4A08A954540054247B /* Build configuration list for PBXNativeTarget "contour_0" */ = {
			isa = XCConfigurationList;
			buildConfigurations = (
				C01FCF4B08A954540054247B /* Debug */,
				C01FCF4C08A954540054247B /* Release */,
			);
			defaultConfigurationIsVisible = 0;
			defaultConfigurationName = Release;
		};
		C01FCF4E08A954540054247B /* Build configuration list for PBXProject "contour_0" */ = {
			isa = XCConfigurationList;
			buildConfigurations = (
				C01FCF4F08A954540054247B /* Debug */,
				C01FCF5008A954540054247B /* Release */,
			);
			defaultConfigurationIsVisible = 0;
			defaultConfigurationName = Release;
		};
/* End XCConfigurationList section */
	};
	rootObject = 29B97313FDCFA39411CA2CEA /* Project object */;
}
